// !$*UTF8*$!
{
	archiveVersion = 1;
	classes = {
	};
	objectVersion = 46;
	objects = {

/* Begin PBXBuildFile section */
		6D02C8BE172BB120006CD573 /* AFHTTPClient.m in Sources */ = {isa = PBXBuildFile; fileRef = 6D02C892172BB120006CD573 /* AFHTTPClient.m */; settings = {COMPILER_FLAGS = "-fobjc-arc"; }; };
		6D02C8BF172BB120006CD573 /* AFHTTPRequestOperation.m in Sources */ = {isa = PBXBuildFile; fileRef = 6D02C894172BB120006CD573 /* AFHTTPRequestOperation.m */; settings = {COMPILER_FLAGS = "-fobjc-arc"; }; };
		6D02C8C0172BB120006CD573 /* AFImageRequestOperation.m in Sources */ = {isa = PBXBuildFile; fileRef = 6D02C896172BB120006CD573 /* AFImageRequestOperation.m */; settings = {COMPILER_FLAGS = "-fobjc-arc"; }; };
		6D02C8C1172BB120006CD573 /* AFJSONRequestOperation.m in Sources */ = {isa = PBXBuildFile; fileRef = 6D02C898172BB120006CD573 /* AFJSONRequestOperation.m */; settings = {COMPILER_FLAGS = "-fobjc-arc"; }; };
		6D02C8C2172BB120006CD573 /* AFNetworkActivityIndicatorManager.m in Sources */ = {isa = PBXBuildFile; fileRef = 6D02C89A172BB120006CD573 /* AFNetworkActivityIndicatorManager.m */; settings = {COMPILER_FLAGS = "-fobjc-arc"; }; };
		6D02C8C3172BB120006CD573 /* AFPropertyListRequestOperation.m in Sources */ = {isa = PBXBuildFile; fileRef = 6D02C89D172BB120006CD573 /* AFPropertyListRequestOperation.m */; settings = {COMPILER_FLAGS = "-fobjc-arc"; }; };
		6D02C8C4172BB120006CD573 /* AFURLConnectionOperation.m in Sources */ = {isa = PBXBuildFile; fileRef = 6D02C89F172BB120006CD573 /* AFURLConnectionOperation.m */; settings = {COMPILER_FLAGS = "-fobjc-arc"; }; };
		6D02C8C5172BB120006CD573 /* AFXMLRequestOperation.m in Sources */ = {isa = PBXBuildFile; fileRef = 6D02C8A1172BB120006CD573 /* AFXMLRequestOperation.m */; settings = {COMPILER_FLAGS = "-fobjc-arc"; }; };
		6D02C8C6172BB120006CD573 /* UIImageView+AFNetworking.m in Sources */ = {isa = PBXBuildFile; fileRef = 6D02C8A3172BB120006CD573 /* UIImageView+AFNetworking.m */; };
		6D02C8C7172BB120006CD573 /* AHAlertView.m in Sources */ = {isa = PBXBuildFile; fileRef = 6D02C8A6172BB120006CD573 /* AHAlertView.m */; settings = {COMPILER_FLAGS = "-fobjc-arc"; }; };
		6D02C8C8172BB120006CD573 /* custom-button-normal.png in Resources */ = {isa = PBXBuildFile; fileRef = 6D02C8A7172BB120006CD573 /* custom-button-normal.png */; };
		6D02C8C9172BB120006CD573 /* custom-button-normal@2x.png in Resources */ = {isa = PBXBuildFile; fileRef = 6D02C8A8172BB120006CD573 /* custom-button-normal@2x.png */; };
		6D02C8CA172BB120006CD573 /* custom-cancel-normal.png in Resources */ = {isa = PBXBuildFile; fileRef = 6D02C8A9172BB120006CD573 /* custom-cancel-normal.png */; };
		6D02C8CB172BB120006CD573 /* custom-cancel-normal@2x.png in Resources */ = {isa = PBXBuildFile; fileRef = 6D02C8AA172BB120006CD573 /* custom-cancel-normal@2x.png */; };
		6D02C8CC172BB120006CD573 /* custom-dialog-background.png in Resources */ = {isa = PBXBuildFile; fileRef = 6D02C8AB172BB120006CD573 /* custom-dialog-background.png */; };
		6D02C8CD172BB120006CD573 /* custom-dialog-background@2x.png in Resources */ = {isa = PBXBuildFile; fileRef = 6D02C8AC172BB120006CD573 /* custom-dialog-background@2x.png */; };
		6D02C8CE172BB120006CD573 /* ATArrayView.m in Sources */ = {isa = PBXBuildFile; fileRef = 6D02C8AF172BB120006CD573 /* ATArrayView.m */; };
		6D02C8CF172BB120006CD573 /* ATPagingView.m in Sources */ = {isa = PBXBuildFile; fileRef = 6D02C8B2172BB120006CD573 /* ATPagingView.m */; };
		6D02C8D0172BB120006CD573 /* UIView+WhenTappedBlocks.m in Sources */ = {isa = PBXBuildFile; fileRef = 6D02C8B6172BB120006CD573 /* UIView+WhenTappedBlocks.m */; };
		6D02C8D1172BB120006CD573 /* SPXFrameScroller.m in Sources */ = {isa = PBXBuildFile; fileRef = 6D02C8B9172BB120006CD573 /* SPXFrameScroller.m */; };
		6D02C8D2172BB120006CD573 /* SVProgressHUD.bundle in Resources */ = {isa = PBXBuildFile; fileRef = 6D02C8BB172BB120006CD573 /* SVProgressHUD.bundle */; };
		6D02C8D3172BB120006CD573 /* SVProgressHUD.m in Sources */ = {isa = PBXBuildFile; fileRef = 6D02C8BD172BB120006CD573 /* SVProgressHUD.m */; settings = {COMPILER_FLAGS = "-fobjc-arc"; }; };
		6D02C8DB172BB226006CD573 /* about_title.jpg in Resources */ = {isa = PBXBuildFile; fileRef = 6D02C8D5172BB226006CD573 /* about_title.jpg */; };
		6D02C8DC172BB226006CD573 /* Icon-72.png in Resources */ = {isa = PBXBuildFile; fileRef = 6D02C8D6172BB226006CD573 /* Icon-72.png */; };
		6D02C8DD172BB226006CD573 /* Icon-Small-50.png in Resources */ = {isa = PBXBuildFile; fileRef = 6D02C8D7172BB226006CD573 /* Icon-Small-50.png */; };
		6D02C8DE172BB226006CD573 /* Icon-Small.png in Resources */ = {isa = PBXBuildFile; fileRef = 6D02C8D8172BB226006CD573 /* Icon-Small.png */; };
		6D02C8DF172BB226006CD573 /* Icon-Small@2x.png in Resources */ = {isa = PBXBuildFile; fileRef = 6D02C8D9172BB226006CD573 /* Icon-Small@2x.png */; };
		6D02C8E0172BB226006CD573 /* Icon@2x.png in Resources */ = {isa = PBXBuildFile; fileRef = 6D02C8DA172BB226006CD573 /* Icon@2x.png */; };
		6D0DCCB11737B27E00AE1DB3 /* beauty_background.png in Resources */ = {isa = PBXBuildFile; fileRef = 6D0DCCAF1737B27E00AE1DB3 /* beauty_background.png */; };
		6D0DCCB21737B27E00AE1DB3 /* beauty_background@2x.png in Resources */ = {isa = PBXBuildFile; fileRef = 6D0DCCB01737B27E00AE1DB3 /* beauty_background@2x.png */; };
		6D1539F016FB42A2001C0FAC /* UIKit.framework in Frameworks */ = {isa = PBXBuildFile; fileRef = 6D1539EF16FB42A2001C0FAC /* UIKit.framework */; };
		6D1539F216FB42A2001C0FAC /* Foundation.framework in Frameworks */ = {isa = PBXBuildFile; fileRef = 6D1539F116FB42A2001C0FAC /* Foundation.framework */; };
		6D1539F416FB42A2001C0FAC /* CoreGraphics.framework in Frameworks */ = {isa = PBXBuildFile; fileRef = 6D1539F316FB42A2001C0FAC /* CoreGraphics.framework */; };
		6D1539FA16FB42A2001C0FAC /* InfoPlist.strings in Resources */ = {isa = PBXBuildFile; fileRef = 6D1539F816FB42A2001C0FAC /* InfoPlist.strings */; };
		6D1539FC16FB42A2001C0FAC /* main.m in Sources */ = {isa = PBXBuildFile; fileRef = 6D1539FB16FB42A2001C0FAC /* main.m */; };
		6D153A0016FB42A2001C0FAC /* BGAppDelegate.m in Sources */ = {isa = PBXBuildFile; fileRef = 6D1539FF16FB42A2001C0FAC /* BGAppDelegate.m */; };
		6D153A0216FB42A2001C0FAC /* Default.png in Resources */ = {isa = PBXBuildFile; fileRef = 6D153A0116FB42A2001C0FAC /* Default.png */; };
		6D153A0416FB42A2001C0FAC /* Default@2x.png in Resources */ = {isa = PBXBuildFile; fileRef = 6D153A0316FB42A2001C0FAC /* Default@2x.png */; };
		6D153A0616FB42A2001C0FAC /* Default-568h@2x.png in Resources */ = {isa = PBXBuildFile; fileRef = 6D153A0516FB42A2001C0FAC /* Default-568h@2x.png */; };
		6D153A0916FB42A2001C0FAC /* BGViewController.m in Sources */ = {isa = PBXBuildFile; fileRef = 6D153A0816FB42A2001C0FAC /* BGViewController.m */; };
		6D153A0C16FB42A2001C0FAC /* BGViewController.xib in Resources */ = {isa = PBXBuildFile; fileRef = 6D153A0A16FB42A2001C0FAC /* BGViewController.xib */; };
		6D3BB81C16FC91D20045546F /* BGAboutViewController.m in Sources */ = {isa = PBXBuildFile; fileRef = 6D3BB81A16FC91D20045546F /* BGAboutViewController.m */; };
		6D3BB81D16FC91D20045546F /* BGAboutViewController.xib in Resources */ = {isa = PBXBuildFile; fileRef = 6D3BB81B16FC91D20045546F /* BGAboutViewController.xib */; };
		6D41CE411737968400E1145C /* BGGalleryViewController.m in Sources */ = {isa = PBXBuildFile; fileRef = 6D41CE401737968400E1145C /* BGGalleryViewController.m */; };
		6D41CE4A1737983100E1145C /* BGGalleryScrollViewController.m in Sources */ = {isa = PBXBuildFile; fileRef = 6D41CE491737983100E1145C /* BGGalleryScrollViewController.m */; };
		6D41CE4E1737A57200E1145C /* iCarousel.m in Sources */ = {isa = PBXBuildFile; fileRef = 6D41CE4D1737A57200E1145C /* iCarousel.m */; };
		6D48B67416FC4CF0008B2371 /* BGSwitchViewController.m in Sources */ = {isa = PBXBuildFile; fileRef = 6D48B67316FC4CF0008B2371 /* BGSwitchViewController.m */; };
		6D4B179416FDD64800EE0EE9 /* BGGlobalData.m in Sources */ = {isa = PBXBuildFile; fileRef = 6D4B179316FDD64800EE0EE9 /* BGGlobalData.m */; };
		6D7529C81737849000B4BD96 /* BGGalleryHomeViewController.m in Sources */ = {isa = PBXBuildFile; fileRef = 6D7529C61737849000B4BD96 /* BGGalleryHomeViewController.m */; };
		6D7529C91737849000B4BD96 /* BGGalleryHomeViewController.xib in Resources */ = {isa = PBXBuildFile; fileRef = 6D7529C71737849000B4BD96 /* BGGalleryHomeViewController.xib */; };
		6DE747E91731FE8800A06939 /* QuartzCore.framework in Frameworks */ = {isa = PBXBuildFile; fileRef = 6DE747E81731FE8800A06939 /* QuartzCore.framework */; };
		6DE747F11732051100A06939 /* BGGalleryTableViewController.m in Sources */ = {isa = PBXBuildFile; fileRef = 6DE747F01732051100A06939 /* BGGalleryTableViewController.m */; };
		6DE747F3173212F400A06939 /* loading.jpg in Resources */ = {isa = PBXBuildFile; fileRef = 6DE747F2173212F400A06939 /* loading.jpg */; };
		6DE747F51732156700A06939 /* SettingData.plist in Resources */ = {isa = PBXBuildFile; fileRef = 6DE747F41732156700A06939 /* SettingData.plist */; };
		6DEBB76D17349A40002A6511 /* Gallery0 in Resources */ = {isa = PBXBuildFile; fileRef = 6DEBB76B17349A40002A6511 /* Gallery0 */; };
		6DEBB76E17349A40002A6511 /* Gallery1 in Resources */ = {isa = PBXBuildFile; fileRef = 6DEBB76C17349A40002A6511 /* Gallery1 */; };
/* End PBXBuildFile section */

/* Begin PBXFileReference section */
		6D02C891172BB120006CD573 /* AFHTTPClient.h */ = {isa = PBXFileReference; fileEncoding = 4; lastKnownFileType = sourcecode.c.h; path = AFHTTPClient.h; sourceTree = "<group>"; };
		6D02C892172BB120006CD573 /* AFHTTPClient.m */ = {isa = PBXFileReference; fileEncoding = 4; lastKnownFileType = sourcecode.c.objc; path = AFHTTPClient.m; sourceTree = "<group>"; };
		6D02C893172BB120006CD573 /* AFHTTPRequestOperation.h */ = {isa = PBXFileReference; fileEncoding = 4; lastKnownFileType = sourcecode.c.h; path = AFHTTPRequestOperation.h; sourceTree = "<group>"; };
		6D02C894172BB120006CD573 /* AFHTTPRequestOperation.m */ = {isa = PBXFileReference; fileEncoding = 4; lastKnownFileType = sourcecode.c.objc; path = AFHTTPRequestOperation.m; sourceTree = "<group>"; };
		6D02C895172BB120006CD573 /* AFImageRequestOperation.h */ = {isa = PBXFileReference; fileEncoding = 4; lastKnownFileType = sourcecode.c.h; path = AFImageRequestOperation.h; sourceTree = "<group>"; };
		6D02C896172BB120006CD573 /* AFImageRequestOperation.m */ = {isa = PBXFileReference; fileEncoding = 4; lastKnownFileType = sourcecode.c.objc; path = AFImageRequestOperation.m; sourceTree = "<group>"; };
		6D02C897172BB120006CD573 /* AFJSONRequestOperation.h */ = {isa = PBXFileReference; fileEncoding = 4; lastKnownFileType = sourcecode.c.h; path = AFJSONRequestOperation.h; sourceTree = "<group>"; };
		6D02C898172BB120006CD573 /* AFJSONRequestOperation.m */ = {isa = PBXFileReference; fileEncoding = 4; lastKnownFileType = sourcecode.c.objc; path = AFJSONRequestOperation.m; sourceTree = "<group>"; };
		6D02C899172BB120006CD573 /* AFNetworkActivityIndicatorManager.h */ = {isa = PBXFileReference; fileEncoding = 4; lastKnownFileType = sourcecode.c.h; path = AFNetworkActivityIndicatorManager.h; sourceTree = "<group>"; };
		6D02C89A172BB120006CD573 /* AFNetworkActivityIndicatorManager.m */ = {isa = PBXFileReference; fileEncoding = 4; lastKnownFileType = sourcecode.c.objc; path = AFNetworkActivityIndicatorManager.m; sourceTree = "<group>"; };
		6D02C89B172BB120006CD573 /* AFNetworking.h */ = {isa = PBXFileReference; fileEncoding = 4; lastKnownFileType = sourcecode.c.h; path = AFNetworking.h; sourceTree = "<group>"; };
		6D02C89C172BB120006CD573 /* AFPropertyListRequestOperation.h */ = {isa = PBXFileReference; fileEncoding = 4; lastKnownFileType = sourcecode.c.h; path = AFPropertyListRequestOperation.h; sourceTree = "<group>"; };
		6D02C89D172BB120006CD573 /* AFPropertyListRequestOperation.m */ = {isa = PBXFileReference; fileEncoding = 4; lastKnownFileType = sourcecode.c.objc; path = AFPropertyListRequestOperation.m; sourceTree = "<group>"; };
		6D02C89E172BB120006CD573 /* AFURLConnectionOperation.h */ = {isa = PBXFileReference; fileEncoding = 4; lastKnownFileType = sourcecode.c.h; path = AFURLConnectionOperation.h; sourceTree = "<group>"; };
		6D02C89F172BB120006CD573 /* AFURLConnectionOperation.m */ = {isa = PBXFileReference; fileEncoding = 4; lastKnownFileType = sourcecode.c.objc; path = AFURLConnectionOperation.m; sourceTree = "<group>"; };
		6D02C8A0172BB120006CD573 /* AFXMLRequestOperation.h */ = {isa = PBXFileReference; fileEncoding = 4; lastKnownFileType = sourcecode.c.h; path = AFXMLRequestOperation.h; sourceTree = "<group>"; };
		6D02C8A1172BB120006CD573 /* AFXMLRequestOperation.m */ = {isa = PBXFileReference; fileEncoding = 4; lastKnownFileType = sourcecode.c.objc; path = AFXMLRequestOperation.m; sourceTree = "<group>"; };
		6D02C8A2172BB120006CD573 /* UIImageView+AFNetworking.h */ = {isa = PBXFileReference; fileEncoding = 4; lastKnownFileType = sourcecode.c.h; path = "UIImageView+AFNetworking.h"; sourceTree = "<group>"; };
		6D02C8A3172BB120006CD573 /* UIImageView+AFNetworking.m */ = {isa = PBXFileReference; fileEncoding = 4; lastKnownFileType = sourcecode.c.objc; path = "UIImageView+AFNetworking.m"; sourceTree = "<group>"; };
		6D02C8A5172BB120006CD573 /* AHAlertView.h */ = {isa = PBXFileReference; fileEncoding = 4; lastKnownFileType = sourcecode.c.h; path = AHAlertView.h; sourceTree = "<group>"; };
		6D02C8A6172BB120006CD573 /* AHAlertView.m */ = {isa = PBXFileReference; fileEncoding = 4; lastKnownFileType = sourcecode.c.objc; path = AHAlertView.m; sourceTree = "<group>"; };
		6D02C8A7172BB120006CD573 /* custom-button-normal.png */ = {isa = PBXFileReference; lastKnownFileType = image.png; path = "custom-button-normal.png"; sourceTree = "<group>"; };
		6D02C8A8172BB120006CD573 /* custom-button-normal@2x.png */ = {isa = PBXFileReference; lastKnownFileType = image.png; path = "custom-button-normal@2x.png"; sourceTree = "<group>"; };
		6D02C8A9172BB120006CD573 /* custom-cancel-normal.png */ = {isa = PBXFileReference; lastKnownFileType = image.png; path = "custom-cancel-normal.png"; sourceTree = "<group>"; };
		6D02C8AA172BB120006CD573 /* custom-cancel-normal@2x.png */ = {isa = PBXFileReference; lastKnownFileType = image.png; path = "custom-cancel-normal@2x.png"; sourceTree = "<group>"; };
		6D02C8AB172BB120006CD573 /* custom-dialog-background.png */ = {isa = PBXFileReference; lastKnownFileType = image.png; path = "custom-dialog-background.png"; sourceTree = "<group>"; };
		6D02C8AC172BB120006CD573 /* custom-dialog-background@2x.png */ = {isa = PBXFileReference; lastKnownFileType = image.png; path = "custom-dialog-background@2x.png"; sourceTree = "<group>"; };
		6D02C8AE172BB120006CD573 /* ATArrayView.h */ = {isa = PBXFileReference; fileEncoding = 4; lastKnownFileType = sourcecode.c.h; path = ATArrayView.h; sourceTree = "<group>"; };
		6D02C8AF172BB120006CD573 /* ATArrayView.m */ = {isa = PBXFileReference; fileEncoding = 4; lastKnownFileType = sourcecode.c.objc; path = ATArrayView.m; sourceTree = "<group>"; };
		6D02C8B1172BB120006CD573 /* ATPagingView.h */ = {isa = PBXFileReference; fileEncoding = 4; lastKnownFileType = sourcecode.c.h; path = ATPagingView.h; sourceTree = "<group>"; };
		6D02C8B2172BB120006CD573 /* ATPagingView.m */ = {isa = PBXFileReference; fileEncoding = 4; lastKnownFileType = sourcecode.c.objc; path = ATPagingView.m; sourceTree = "<group>"; };
		6D02C8B4172BB120006CD573 /* JMWhenTapped.h */ = {isa = PBXFileReference; fileEncoding = 4; lastKnownFileType = sourcecode.c.h; path = JMWhenTapped.h; sourceTree = "<group>"; };
		6D02C8B5172BB120006CD573 /* UIView+WhenTappedBlocks.h */ = {isa = PBXFileReference; fileEncoding = 4; lastKnownFileType = sourcecode.c.h; path = "UIView+WhenTappedBlocks.h"; sourceTree = "<group>"; };
		6D02C8B6172BB120006CD573 /* UIView+WhenTappedBlocks.m */ = {isa = PBXFileReference; fileEncoding = 4; lastKnownFileType = sourcecode.c.objc; path = "UIView+WhenTappedBlocks.m"; sourceTree = "<group>"; };
		6D02C8B8172BB120006CD573 /* SPXFrameScroller.h */ = {isa = PBXFileReference; fileEncoding = 4; lastKnownFileType = sourcecode.c.h; path = SPXFrameScroller.h; sourceTree = "<group>"; };
		6D02C8B9172BB120006CD573 /* SPXFrameScroller.m */ = {isa = PBXFileReference; fileEncoding = 4; lastKnownFileType = sourcecode.c.objc; path = SPXFrameScroller.m; sourceTree = "<group>"; };
		6D02C8BB172BB120006CD573 /* SVProgressHUD.bundle */ = {isa = PBXFileReference; lastKnownFileType = "wrapper.plug-in"; path = SVProgressHUD.bundle; sourceTree = "<group>"; };
		6D02C8BC172BB120006CD573 /* SVProgressHUD.h */ = {isa = PBXFileReference; fileEncoding = 4; lastKnownFileType = sourcecode.c.h; path = SVProgressHUD.h; sourceTree = "<group>"; };
		6D02C8BD172BB120006CD573 /* SVProgressHUD.m */ = {isa = PBXFileReference; fileEncoding = 4; lastKnownFileType = sourcecode.c.objc; path = SVProgressHUD.m; sourceTree = "<group>"; };
		6D02C8D5172BB226006CD573 /* about_title.jpg */ = {isa = PBXFileReference; lastKnownFileType = image.jpeg; path = about_title.jpg; sourceTree = "<group>"; };
		6D02C8D6172BB226006CD573 /* Icon-72.png */ = {isa = PBXFileReference; lastKnownFileType = image.png; path = "Icon-72.png"; sourceTree = "<group>"; };
		6D02C8D7172BB226006CD573 /* Icon-Small-50.png */ = {isa = PBXFileReference; lastKnownFileType = image.png; path = "Icon-Small-50.png"; sourceTree = "<group>"; };
		6D02C8D8172BB226006CD573 /* Icon-Small.png */ = {isa = PBXFileReference; lastKnownFileType = image.png; path = "Icon-Small.png"; sourceTree = "<group>"; };
		6D02C8D9172BB226006CD573 /* Icon-Small@2x.png */ = {isa = PBXFileReference; lastKnownFileType = image.png; path = "Icon-Small@2x.png"; sourceTree = "<group>"; };
		6D02C8DA172BB226006CD573 /* Icon@2x.png */ = {isa = PBXFileReference; lastKnownFileType = image.png; path = "Icon@2x.png"; sourceTree = "<group>"; };
		6D0DCCAF1737B27E00AE1DB3 /* beauty_background.png */ = {isa = PBXFileReference; lastKnownFileType = image.png; path = beauty_background.png; sourceTree = "<group>"; };
		6D0DCCB01737B27E00AE1DB3 /* beauty_background@2x.png */ = {isa = PBXFileReference; lastKnownFileType = image.png; path = "beauty_background@2x.png"; sourceTree = "<group>"; };
		6D1539EC16FB42A2001C0FAC /* SophiaShow.app */ = {isa = PBXFileReference; explicitFileType = wrapper.application; includeInIndex = 0; path = SophiaShow.app; sourceTree = BUILT_PRODUCTS_DIR; };
		6D1539EF16FB42A2001C0FAC /* UIKit.framework */ = {isa = PBXFileReference; lastKnownFileType = wrapper.framework; name = UIKit.framework; path = System/Library/Frameworks/UIKit.framework; sourceTree = SDKROOT; };
		6D1539F116FB42A2001C0FAC /* Foundation.framework */ = {isa = PBXFileReference; lastKnownFileType = wrapper.framework; name = Foundation.framework; path = System/Library/Frameworks/Foundation.framework; sourceTree = SDKROOT; };
		6D1539F316FB42A2001C0FAC /* CoreGraphics.framework */ = {isa = PBXFileReference; lastKnownFileType = wrapper.framework; name = CoreGraphics.framework; path = System/Library/Frameworks/CoreGraphics.framework; sourceTree = SDKROOT; };
		6D1539F716FB42A2001C0FAC /* SophiaShow-Info.plist */ = {isa = PBXFileReference; lastKnownFileType = text.plist.xml; path = "SophiaShow-Info.plist"; sourceTree = "<group>"; };
		6D1539F916FB42A2001C0FAC /* en */ = {isa = PBXFileReference; lastKnownFileType = text.plist.strings; name = en; path = en.lproj/InfoPlist.strings; sourceTree = "<group>"; };
		6D1539FB16FB42A2001C0FAC /* main.m */ = {isa = PBXFileReference; lastKnownFileType = sourcecode.c.objc; path = main.m; sourceTree = "<group>"; };
		6D1539FD16FB42A2001C0FAC /* SophiaShow-Prefix.pch */ = {isa = PBXFileReference; lastKnownFileType = sourcecode.c.h; path = "SophiaShow-Prefix.pch"; sourceTree = "<group>"; };
		6D1539FE16FB42A2001C0FAC /* BGAppDelegate.h */ = {isa = PBXFileReference; lastKnownFileType = sourcecode.c.h; path = BGAppDelegate.h; sourceTree = "<group>"; };
		6D1539FF16FB42A2001C0FAC /* BGAppDelegate.m */ = {isa = PBXFileReference; lastKnownFileType = sourcecode.c.objc; path = BGAppDelegate.m; sourceTree = "<group>"; };
		6D153A0116FB42A2001C0FAC /* Default.png */ = {isa = PBXFileReference; lastKnownFileType = image.png; path = Default.png; sourceTree = "<group>"; };
		6D153A0316FB42A2001C0FAC /* Default@2x.png */ = {isa = PBXFileReference; lastKnownFileType = image.png; path = "Default@2x.png"; sourceTree = "<group>"; };
		6D153A0516FB42A2001C0FAC /* Default-568h@2x.png */ = {isa = PBXFileReference; lastKnownFileType = image.png; path = "Default-568h@2x.png"; sourceTree = "<group>"; };
		6D153A0716FB42A2001C0FAC /* BGViewController.h */ = {isa = PBXFileReference; lastKnownFileType = sourcecode.c.h; path = BGViewController.h; sourceTree = "<group>"; };
		6D153A0816FB42A2001C0FAC /* BGViewController.m */ = {isa = PBXFileReference; lastKnownFileType = sourcecode.c.objc; path = BGViewController.m; sourceTree = "<group>"; };
		6D153A0B16FB42A2001C0FAC /* en */ = {isa = PBXFileReference; lastKnownFileType = file.xib; name = en; path = en.lproj/BGViewController.xib; sourceTree = "<group>"; };
		6D3BB81916FC91D20045546F /* BGAboutViewController.h */ = {isa = PBXFileReference; fileEncoding = 4; lastKnownFileType = sourcecode.c.h; path = BGAboutViewController.h; sourceTree = "<group>"; };
		6D3BB81A16FC91D20045546F /* BGAboutViewController.m */ = {isa = PBXFileReference; fileEncoding = 4; lastKnownFileType = sourcecode.c.objc; path = BGAboutViewController.m; sourceTree = "<group>"; };
		6D3BB81B16FC91D20045546F /* BGAboutViewController.xib */ = {isa = PBXFileReference; fileEncoding = 4; lastKnownFileType = file.xib; path = BGAboutViewController.xib; sourceTree = "<group>"; };
		6D41CE3F1737968400E1145C /* BGGalleryViewController.h */ = {isa = PBXFileReference; fileEncoding = 4; lastKnownFileType = sourcecode.c.h; path = BGGalleryViewController.h; sourceTree = "<group>"; };
		6D41CE401737968400E1145C /* BGGalleryViewController.m */ = {isa = PBXFileReference; fileEncoding = 4; lastKnownFileType = sourcecode.c.objc; path = BGGalleryViewController.m; sourceTree = "<group>"; };
		6D41CE481737983100E1145C /* BGGalleryScrollViewController.h */ = {isa = PBXFileReference; fileEncoding = 4; lastKnownFileType = sourcecode.c.h; path = BGGalleryScrollViewController.h; sourceTree = "<group>"; };
		6D41CE491737983100E1145C /* BGGalleryScrollViewController.m */ = {isa = PBXFileReference; fileEncoding = 4; lastKnownFileType = sourcecode.c.objc; path = BGGalleryScrollViewController.m; sourceTree = "<group>"; };
		6D41CE4C1737A57200E1145C /* iCarousel.h */ = {isa = PBXFileReference; fileEncoding = 4; lastKnownFileType = sourcecode.c.h; path = iCarousel.h; sourceTree = "<group>"; };
		6D41CE4D1737A57200E1145C /* iCarousel.m */ = {isa = PBXFileReference; fileEncoding = 4; lastKnownFileType = sourcecode.c.objc; path = iCarousel.m; sourceTree = "<group>"; };
		6D48B67216FC4CF0008B2371 /* BGSwitchViewController.h */ = {isa = PBXFileReference; fileEncoding = 4; lastKnownFileType = sourcecode.c.h; path = BGSwitchViewController.h; sourceTree = "<group>"; };
		6D48B67316FC4CF0008B2371 /* BGSwitchViewController.m */ = {isa = PBXFileReference; fileEncoding = 4; lastKnownFileType = sourcecode.c.objc; path = BGSwitchViewController.m; sourceTree = "<group>"; };
		6D48B67516FC4E46008B2371 /* BGPageSwitcherDelegate.h */ = {isa = PBXFileReference; fileEncoding = 4; lastKnownFileType = sourcecode.c.h; path = BGPageSwitcherDelegate.h; sourceTree = "<group>"; };
		6D4B179216FDD64800EE0EE9 /* BGGlobalData.h */ = {isa = PBXFileReference; fileEncoding = 4; lastKnownFileType = sourcecode.c.h; path = BGGlobalData.h; sourceTree = "<group>"; };
		6D4B179316FDD64800EE0EE9 /* BGGlobalData.m */ = {isa = PBXFileReference; fileEncoding = 4; lastKnownFileType = sourcecode.c.objc; path = BGGlobalData.m; sourceTree = "<group>"; };
		6D7529C51737849000B4BD96 /* BGGalleryHomeViewController.h */ = {isa = PBXFileReference; fileEncoding = 4; lastKnownFileType = sourcecode.c.h; path = BGGalleryHomeViewController.h; sourceTree = "<group>"; };
		6D7529C61737849000B4BD96 /* BGGalleryHomeViewController.m */ = {isa = PBXFileReference; fileEncoding = 4; lastKnownFileType = sourcecode.c.objc; path = BGGalleryHomeViewController.m; sourceTree = "<group>"; };
		6D7529C71737849000B4BD96 /* BGGalleryHomeViewController.xib */ = {isa = PBXFileReference; fileEncoding = 4; lastKnownFileType = file.xib; path = BGGalleryHomeViewController.xib; sourceTree = "<group>"; };
		6DE747E81731FE8800A06939 /* QuartzCore.framework */ = {isa = PBXFileReference; lastKnownFileType = wrapper.framework; name = QuartzCore.framework; path = System/Library/Frameworks/QuartzCore.framework; sourceTree = SDKROOT; };
		6DE747EF1732051100A06939 /* BGGalleryTableViewController.h */ = {isa = PBXFileReference; fileEncoding = 4; lastKnownFileType = sourcecode.c.h; path = BGGalleryTableViewController.h; sourceTree = "<group>"; };
		6DE747F01732051100A06939 /* BGGalleryTableViewController.m */ = {isa = PBXFileReference; fileEncoding = 4; lastKnownFileType = sourcecode.c.objc; path = BGGalleryTableViewController.m; sourceTree = "<group>"; };
		6DE747F2173212F400A06939 /* loading.jpg */ = {isa = PBXFileReference; lastKnownFileType = image.jpeg; path = loading.jpg; sourceTree = "<group>"; };
		6DE747F41732156700A06939 /* SettingData.plist */ = {isa = PBXFileReference; fileEncoding = 4; lastKnownFileType = text.plist.xml; path = SettingData.plist; sourceTree = "<group>"; };
		6DEBB76B17349A40002A6511 /* Gallery0 */ = {isa = PBXFileReference; lastKnownFileType = folder; path = Gallery0; sourceTree = "<group>"; };
		6DEBB76C17349A40002A6511 /* Gallery1 */ = {isa = PBXFileReference; lastKnownFileType = folder; path = Gallery1; sourceTree = "<group>"; };
/* End PBXFileReference section */

/* Begin PBXFrameworksBuildPhase section */
		6D1539E916FB42A2001C0FAC /* Frameworks */ = {
			isa = PBXFrameworksBuildPhase;
			buildActionMask = 2147483647;
			files = (
				6DE747E91731FE8800A06939 /* QuartzCore.framework in Frameworks */,
				6D1539F016FB42A2001C0FAC /* UIKit.framework in Frameworks */,
				6D1539F216FB42A2001C0FAC /* Foundation.framework in Frameworks */,
				6D1539F416FB42A2001C0FAC /* CoreGraphics.framework in Frameworks */,
			);
			runOnlyForDeploymentPostprocessing = 0;
		};
/* End PBXFrameworksBuildPhase section */

/* Begin PBXGroup section */
		6D02C88F172BB120006CD573 /* Library */ = {
			isa = PBXGroup;
			children = (
				6D41CE4B1737A57200E1145C /* iCarousel */,
				6D02C890172BB120006CD573 /* AFNetworking */,
				6D02C8A4172BB120006CD573 /* AHAlertView */,
				6D02C8AD172BB120006CD573 /* ATArrayView */,
				6D02C8B0172BB120006CD573 /* ATPagingView */,
				6D02C8B3172BB120006CD573 /* JMWhenTapped */,
				6D02C8B7172BB120006CD573 /* SPXFrameScroller */,
				6D02C8BA172BB120006CD573 /* SVProgressHUD */,
			);
			path = Library;
			sourceTree = "<group>";
		};
		6D02C890172BB120006CD573 /* AFNetworking */ = {
			isa = PBXGroup;
			children = (
				6D02C891172BB120006CD573 /* AFHTTPClient.h */,
				6D02C892172BB120006CD573 /* AFHTTPClient.m */,
				6D02C893172BB120006CD573 /* AFHTTPRequestOperation.h */,
				6D02C894172BB120006CD573 /* AFHTTPRequestOperation.m */,
				6D02C895172BB120006CD573 /* AFImageRequestOperation.h */,
				6D02C896172BB120006CD573 /* AFImageRequestOperation.m */,
				6D02C897172BB120006CD573 /* AFJSONRequestOperation.h */,
				6D02C898172BB120006CD573 /* AFJSONRequestOperation.m */,
				6D02C899172BB120006CD573 /* AFNetworkActivityIndicatorManager.h */,
				6D02C89A172BB120006CD573 /* AFNetworkActivityIndicatorManager.m */,
				6D02C89B172BB120006CD573 /* AFNetworking.h */,
				6D02C89C172BB120006CD573 /* AFPropertyListRequestOperation.h */,
				6D02C89D172BB120006CD573 /* AFPropertyListRequestOperation.m */,
				6D02C89E172BB120006CD573 /* AFURLConnectionOperation.h */,
				6D02C89F172BB120006CD573 /* AFURLConnectionOperation.m */,
				6D02C8A0172BB120006CD573 /* AFXMLRequestOperation.h */,
				6D02C8A1172BB120006CD573 /* AFXMLRequestOperation.m */,
				6D02C8A2172BB120006CD573 /* UIImageView+AFNetworking.h */,
				6D02C8A3172BB120006CD573 /* UIImageView+AFNetworking.m */,
			);
			path = AFNetworking;
			sourceTree = "<group>";
		};
		6D02C8A4172BB120006CD573 /* AHAlertView */ = {
			isa = PBXGroup;
			children = (
				6D02C8A5172BB120006CD573 /* AHAlertView.h */,
				6D02C8A6172BB120006CD573 /* AHAlertView.m */,
				6D02C8A7172BB120006CD573 /* custom-button-normal.png */,
				6D02C8A8172BB120006CD573 /* custom-button-normal@2x.png */,
				6D02C8A9172BB120006CD573 /* custom-cancel-normal.png */,
				6D02C8AA172BB120006CD573 /* custom-cancel-normal@2x.png */,
				6D02C8AB172BB120006CD573 /* custom-dialog-background.png */,
				6D02C8AC172BB120006CD573 /* custom-dialog-background@2x.png */,
			);
			path = AHAlertView;
			sourceTree = "<group>";
		};
		6D02C8AD172BB120006CD573 /* ATArrayView */ = {
			isa = PBXGroup;
			children = (
				6D02C8AE172BB120006CD573 /* ATArrayView.h */,
				6D02C8AF172BB120006CD573 /* ATArrayView.m */,
			);
			path = ATArrayView;
			sourceTree = "<group>";
		};
		6D02C8B0172BB120006CD573 /* ATPagingView */ = {
			isa = PBXGroup;
			children = (
				6D02C8B1172BB120006CD573 /* ATPagingView.h */,
				6D02C8B2172BB120006CD573 /* ATPagingView.m */,
			);
			path = ATPagingView;
			sourceTree = "<group>";
		};
		6D02C8B3172BB120006CD573 /* JMWhenTapped */ = {
			isa = PBXGroup;
			children = (
				6D02C8B4172BB120006CD573 /* JMWhenTapped.h */,
				6D02C8B5172BB120006CD573 /* UIView+WhenTappedBlocks.h */,
				6D02C8B6172BB120006CD573 /* UIView+WhenTappedBlocks.m */,
			);
			path = JMWhenTapped;
			sourceTree = "<group>";
		};
		6D02C8B7172BB120006CD573 /* SPXFrameScroller */ = {
			isa = PBXGroup;
			children = (
				6D02C8B8172BB120006CD573 /* SPXFrameScroller.h */,
				6D02C8B9172BB120006CD573 /* SPXFrameScroller.m */,
			);
			path = SPXFrameScroller;
			sourceTree = "<group>";
		};
		6D02C8BA172BB120006CD573 /* SVProgressHUD */ = {
			isa = PBXGroup;
			children = (
				6D02C8BB172BB120006CD573 /* SVProgressHUD.bundle */,
				6D02C8BC172BB120006CD573 /* SVProgressHUD.h */,
				6D02C8BD172BB120006CD573 /* SVProgressHUD.m */,
			);
			path = SVProgressHUD;
			sourceTree = "<group>";
		};
		6D02C8D4172BB226006CD573 /* Resources */ = {
			isa = PBXGroup;
			children = (
				6DEBB76B17349A40002A6511 /* Gallery0 */,
				6DEBB76C17349A40002A6511 /* Gallery1 */,
				6D02C8D5172BB226006CD573 /* about_title.jpg */,
				6DE747F2173212F400A06939 /* loading.jpg */,
				6D02C8D6172BB226006CD573 /* Icon-72.png */,
				6D02C8D7172BB226006CD573 /* Icon-Small-50.png */,
				6D02C8D8172BB226006CD573 /* Icon-Small.png */,
				6D02C8D9172BB226006CD573 /* Icon-Small@2x.png */,
				6D02C8DA172BB226006CD573 /* Icon@2x.png */,
				6D0DCCAF1737B27E00AE1DB3 /* beauty_background.png */,
				6D0DCCB01737B27E00AE1DB3 /* beauty_background@2x.png */,
				6DE747F41732156700A06939 /* SettingData.plist */,
			);
			path = Resources;
			sourceTree = "<group>";
		};
		6D1539E316FB42A2001C0FAC = {
			isa = PBXGroup;
			children = (
				6D1539F516FB42A2001C0FAC /* SophiaShow */,
				6D1539EE16FB42A2001C0FAC /* Frameworks */,
				6D1539ED16FB42A2001C0FAC /* Products */,
				6D02C88F172BB120006CD573 /* Library */,
			);
			sourceTree = "<group>";
		};
		6D1539ED16FB42A2001C0FAC /* Products */ = {
			isa = PBXGroup;
			children = (
				6D1539EC16FB42A2001C0FAC /* SophiaShow.app */,
			);
			name = Products;
			sourceTree = "<group>";
		};
		6D1539EE16FB42A2001C0FAC /* Frameworks */ = {
			isa = PBXGroup;
			children = (
				6DE747E81731FE8800A06939 /* QuartzCore.framework */,
				6D1539EF16FB42A2001C0FAC /* UIKit.framework */,
				6D1539F116FB42A2001C0FAC /* Foundation.framework */,
				6D1539F316FB42A2001C0FAC /* CoreGraphics.framework */,
			);
			name = Frameworks;
			sourceTree = "<group>";
		};
		6D1539F516FB42A2001C0FAC /* SophiaShow */ = {
			isa = PBXGroup;
			children = (
				6D02C8D4172BB226006CD573 /* Resources */,
				6D1539FE16FB42A2001C0FAC /* BGAppDelegate.h */,
				6D1539FF16FB42A2001C0FAC /* BGAppDelegate.m */,
				6D4B179216FDD64800EE0EE9 /* BGGlobalData.h */,
				6D4B179316FDD64800EE0EE9 /* BGGlobalData.m */,
				6D48B67516FC4E46008B2371 /* BGPageSwitcherDelegate.h */,
				6D48B67216FC4CF0008B2371 /* BGSwitchViewController.h */,
				6D48B67316FC4CF0008B2371 /* BGSwitchViewController.m */,
				6D153A0716FB42A2001C0FAC /* BGViewController.h */,
				6D153A0816FB42A2001C0FAC /* BGViewController.m */,
				6D153A0A16FB42A2001C0FAC /* BGViewController.xib */,
				6D3BB81916FC91D20045546F /* BGAboutViewController.h */,
				6D3BB81A16FC91D20045546F /* BGAboutViewController.m */,
				6D3BB81B16FC91D20045546F /* BGAboutViewController.xib */,
				6D7529C51737849000B4BD96 /* BGGalleryHomeViewController.h */,
				6D7529C61737849000B4BD96 /* BGGalleryHomeViewController.m */,
				6D7529C71737849000B4BD96 /* BGGalleryHomeViewController.xib */,
				6DE747EF1732051100A06939 /* BGGalleryTableViewController.h */,
				6DE747F01732051100A06939 /* BGGalleryTableViewController.m */,
				6D1539F616FB42A2001C0FAC /* Supporting Files */,
				6D41CE3F1737968400E1145C /* BGGalleryViewController.h */,
				6D41CE401737968400E1145C /* BGGalleryViewController.m */,
				6D41CE481737983100E1145C /* BGGalleryScrollViewController.h */,
				6D41CE491737983100E1145C /* BGGalleryScrollViewController.m */,
			);
			path = SophiaShow;
			sourceTree = "<group>";
		};
		6D1539F616FB42A2001C0FAC /* Supporting Files */ = {
			isa = PBXGroup;
			children = (
				6D1539F716FB42A2001C0FAC /* SophiaShow-Info.plist */,
				6D1539F816FB42A2001C0FAC /* InfoPlist.strings */,
				6D1539FB16FB42A2001C0FAC /* main.m */,
				6D1539FD16FB42A2001C0FAC /* SophiaShow-Prefix.pch */,
				6D153A0116FB42A2001C0FAC /* Default.png */,
				6D153A0316FB42A2001C0FAC /* Default@2x.png */,
				6D153A0516FB42A2001C0FAC /* Default-568h@2x.png */,
			);
			name = "Supporting Files";
			sourceTree = "<group>";
		};
		6D41CE4B1737A57200E1145C /* iCarousel */ = {
			isa = PBXGroup;
			children = (
				6D41CE4C1737A57200E1145C /* iCarousel.h */,
				6D41CE4D1737A57200E1145C /* iCarousel.m */,
			);
			path = iCarousel;
			sourceTree = "<group>";
		};
/* End PBXGroup section */

/* Begin PBXNativeTarget section */
		6D1539EB16FB42A2001C0FAC /* SophiaShow */ = {
			isa = PBXNativeTarget;
			buildConfigurationList = 6D153A0F16FB42A2001C0FAC /* Build configuration list for PBXNativeTarget "SophiaShow" */;
			buildPhases = (
				6D1539E816FB42A2001C0FAC /* Sources */,
				6D1539E916FB42A2001C0FAC /* Frameworks */,
				6D1539EA16FB42A2001C0FAC /* Resources */,
			);
			buildRules = (
			);
			dependencies = (
			);
			name = SophiaShow;
			productName = SophiaShow;
			productReference = 6D1539EC16FB42A2001C0FAC /* SophiaShow.app */;
			productType = "com.apple.product-type.application";
		};
/* End PBXNativeTarget section */

/* Begin PBXProject section */
		6D1539E416FB42A2001C0FAC /* Project object */ = {
			isa = PBXProject;
			attributes = {
				CLASSPREFIX = BG;
				LastUpgradeCheck = 0460;
				ORGANIZATIONNAME = "Brute Games Studio";
			};
			buildConfigurationList = 6D1539E716FB42A2001C0FAC /* Build configuration list for PBXProject "SophiaShow" */;
			compatibilityVersion = "Xcode 3.2";
			developmentRegion = English;
			hasScannedForEncodings = 0;
			knownRegions = (
				en,
			);
			mainGroup = 6D1539E316FB42A2001C0FAC;
			productRefGroup = 6D1539ED16FB42A2001C0FAC /* Products */;
			projectDirPath = "";
			projectRoot = "";
			targets = (
				6D1539EB16FB42A2001C0FAC /* SophiaShow */,
			);
		};
/* End PBXProject section */

/* Begin PBXResourcesBuildPhase section */
		6D1539EA16FB42A2001C0FAC /* Resources */ = {
			isa = PBXResourcesBuildPhase;
			buildActionMask = 2147483647;
			files = (
				6D1539FA16FB42A2001C0FAC /* InfoPlist.strings in Resources */,
				6D153A0216FB42A2001C0FAC /* Default.png in Resources */,
				6D153A0416FB42A2001C0FAC /* Default@2x.png in Resources */,
				6D153A0616FB42A2001C0FAC /* Default-568h@2x.png in Resources */,
				6D153A0C16FB42A2001C0FAC /* BGViewController.xib in Resources */,
				6D3BB81D16FC91D20045546F /* BGAboutViewController.xib in Resources */,
				6D02C8C8172BB120006CD573 /* custom-button-normal.png in Resources */,
				6D02C8C9172BB120006CD573 /* custom-button-normal@2x.png in Resources */,
				6D02C8CA172BB120006CD573 /* custom-cancel-normal.png in Resources */,
				6D02C8CB172BB120006CD573 /* custom-cancel-normal@2x.png in Resources */,
				6D02C8CC172BB120006CD573 /* custom-dialog-background.png in Resources */,
				6D02C8CD172BB120006CD573 /* custom-dialog-background@2x.png in Resources */,
				6D02C8D2172BB120006CD573 /* SVProgressHUD.bundle in Resources */,
				6D02C8DB172BB226006CD573 /* about_title.jpg in Resources */,
				6D02C8DC172BB226006CD573 /* Icon-72.png in Resources */,
				6D02C8DD172BB226006CD573 /* Icon-Small-50.png in Resources */,
				6D02C8DE172BB226006CD573 /* Icon-Small.png in Resources */,
				6D02C8DF172BB226006CD573 /* Icon-Small@2x.png in Resources */,
				6D02C8E0172BB226006CD573 /* Icon@2x.png in Resources */,
				6DE747F3173212F400A06939 /* loading.jpg in Resources */,
				6DE747F51732156700A06939 /* SettingData.plist in Resources */,
				6DEBB76D17349A40002A6511 /* Gallery0 in Resources */,
				6DEBB76E17349A40002A6511 /* Gallery1 in Resources */,
				6D7529C91737849000B4BD96 /* BGGalleryHomeViewController.xib in Resources */,
				6D0DCCB11737B27E00AE1DB3 /* beauty_background.png in Resources */,
				6D0DCCB21737B27E00AE1DB3 /* beauty_background@2x.png in Resources */,
			);
			runOnlyForDeploymentPostprocessing = 0;
		};
/* End PBXResourcesBuildPhase section */

/* Begin PBXSourcesBuildPhase section */
		6D1539E816FB42A2001C0FAC /* Sources */ = {
			isa = PBXSourcesBuildPhase;
			buildActionMask = 2147483647;
			files = (
				6D1539FC16FB42A2001C0FAC /* main.m in Sources */,
				6D153A0016FB42A2001C0FAC /* BGAppDelegate.m in Sources */,
				6D153A0916FB42A2001C0FAC /* BGViewController.m in Sources */,
				6D48B67416FC4CF0008B2371 /* BGSwitchViewController.m in Sources */,
				6D3BB81C16FC91D20045546F /* BGAboutViewController.m in Sources */,
				6D4B179416FDD64800EE0EE9 /* BGGlobalData.m in Sources */,
				6D02C8BE172BB120006CD573 /* AFHTTPClient.m in Sources */,
				6D02C8BF172BB120006CD573 /* AFHTTPRequestOperation.m in Sources */,
				6D02C8C0172BB120006CD573 /* AFImageRequestOperation.m in Sources */,
				6D02C8C1172BB120006CD573 /* AFJSONRequestOperation.m in Sources */,
				6D02C8C2172BB120006CD573 /* AFNetworkActivityIndicatorManager.m in Sources */,
				6D02C8C3172BB120006CD573 /* AFPropertyListRequestOperation.m in Sources */,
				6D02C8C4172BB120006CD573 /* AFURLConnectionOperation.m in Sources */,
				6D02C8C5172BB120006CD573 /* AFXMLRequestOperation.m in Sources */,
				6D02C8C6172BB120006CD573 /* UIImageView+AFNetworking.m in Sources */,
				6D02C8C7172BB120006CD573 /* AHAlertView.m in Sources */,
				6D02C8CE172BB120006CD573 /* ATArrayView.m in Sources */,
				6D02C8CF172BB120006CD573 /* ATPagingView.m in Sources */,
				6D02C8D0172BB120006CD573 /* UIView+WhenTappedBlocks.m in Sources */,
				6D02C8D1172BB120006CD573 /* SPXFrameScroller.m in Sources */,
				6D02C8D3172BB120006CD573 /* SVProgressHUD.m in Sources */,
				6DE747F11732051100A06939 /* BGGalleryTableViewController.m in Sources */,
				6D7529C81737849000B4BD96 /* BGGalleryHomeViewController.m in Sources */,
				6D41CE411737968400E1145C /* BGGalleryViewController.m in Sources */,
				6D41CE4A1737983100E1145C /* BGGalleryScrollViewController.m in Sources */,
				6D41CE4E1737A57200E1145C /* iCarousel.m in Sources */,
			);
			runOnlyForDeploymentPostprocessing = 0;
		};
/* End PBXSourcesBuildPhase section */

/* Begin PBXVariantGroup section */
		6D1539F816FB42A2001C0FAC /* InfoPlist.strings */ = {
			isa = PBXVariantGroup;
			children = (
				6D1539F916FB42A2001C0FAC /* en */,
			);
			name = InfoPlist.strings;
			sourceTree = "<group>";
		};
		6D153A0A16FB42A2001C0FAC /* BGViewController.xib */ = {
			isa = PBXVariantGroup;
			children = (
				6D153A0B16FB42A2001C0FAC /* en */,
			);
			name = BGViewController.xib;
			sourceTree = "<group>";
		};
/* End PBXVariantGroup section */

/* Begin XCBuildConfiguration section */
		6D153A0D16FB42A2001C0FAC /* Debug */ = {
			isa = XCBuildConfiguration;
			buildSettings = {
				ALWAYS_SEARCH_USER_PATHS = NO;
				CLANG_CXX_LANGUAGE_STANDARD = "gnu++0x";
				CLANG_CXX_LIBRARY = "libc++";
				CLANG_WARN_CONSTANT_CONVERSION = YES;
				CLANG_WARN_EMPTY_BODY = YES;
				CLANG_WARN_ENUM_CONVERSION = YES;
				CLANG_WARN_INT_CONVERSION = YES;
				CLANG_WARN__DUPLICATE_METHOD_MATCH = YES;
				"CODE_SIGN_IDENTITY[sdk=iphoneos*]" = "iPhone Developer";
				COPY_PHASE_STRIP = NO;
				GCC_C_LANGUAGE_STANDARD = gnu99;
				GCC_DYNAMIC_NO_PIC = NO;
				GCC_OPTIMIZATION_LEVEL = 0;
				GCC_PREPROCESSOR_DEFINITIONS = (
					"DEBUG=1",
					"$(inherited)",
				);
				GCC_SYMBOLS_PRIVATE_EXTERN = NO;
				GCC_WARN_ABOUT_RETURN_TYPE = YES;
				GCC_WARN_UNINITIALIZED_AUTOS = YES;
				GCC_WARN_UNUSED_VARIABLE = YES;
				IPHONEOS_DEPLOYMENT_TARGET = 5.0;
				ONLY_ACTIVE_ARCH = YES;
				SDKROOT = iphoneos;
				TARGETED_DEVICE_FAMILY = 2;
			};
			name = Debug;
		};
		6D153A0E16FB42A2001C0FAC /* Release */ = {
			isa = XCBuildConfiguration;
			buildSettings = {
				ALWAYS_SEARCH_USER_PATHS = NO;
				CLANG_CXX_LANGUAGE_STANDARD = "gnu++0x";
				CLANG_CXX_LIBRARY = "libc++";
				CLANG_WARN_CONSTANT_CONVERSION = YES;
				CLANG_WARN_EMPTY_BODY = YES;
				CLANG_WARN_ENUM_CONVERSION = YES;
				CLANG_WARN_INT_CONVERSION = YES;
				CLANG_WARN__DUPLICATE_METHOD_MATCH = YES;
				"CODE_SIGN_IDENTITY[sdk=iphoneos*]" = "iPhone Developer";
				COPY_PHASE_STRIP = YES;
				GCC_C_LANGUAGE_STANDARD = gnu99;
				GCC_WARN_ABOUT_RETURN_TYPE = YES;
				GCC_WARN_UNINITIALIZED_AUTOS = YES;
				GCC_WARN_UNUSED_VARIABLE = YES;
				IPHONEOS_DEPLOYMENT_TARGET = 5.0;
				OTHER_CFLAGS = "-DNS_BLOCK_ASSERTIONS=1";
				SDKROOT = iphoneos;
				TARGETED_DEVICE_FAMILY = 2;
				VALIDATE_PRODUCT = YES;
			};
			name = Release;
		};
		6D153A1016FB42A2001C0FAC /* Debug */ = {
			isa = XCBuildConfiguration;
			buildSettings = {
				GCC_PRECOMPILE_PREFIX_HEADER = YES;
				GCC_PREFIX_HEADER = "SophiaShow/SophiaShow-Prefix.pch";
				INFOPLIST_FILE = "SophiaShow/SophiaShow-Info.plist";
				IPHONEOS_DEPLOYMENT_TARGET = 5.0;
				PRODUCT_NAME = "$(TARGET_NAME)";
				WRAPPER_EXTENSION = app;
			};
			name = Debug;
		};
		6D153A1116FB42A2001C0FAC /* Release */ = {
			isa = XCBuildConfiguration;
			buildSettings = {
				GCC_PRECOMPILE_PREFIX_HEADER = YES;
				GCC_PREFIX_HEADER = "SophiaShow/SophiaShow-Prefix.pch";
				INFOPLIST_FILE = "SophiaShow/SophiaShow-Info.plist";
				IPHONEOS_DEPLOYMENT_TARGET = 5.0;
				PRODUCT_NAME = "$(TARGET_NAME)";
				WRAPPER_EXTENSION = app;
			};
			name = Release;
		};
/* End XCBuildConfiguration section */

/* Begin XCConfigurationList section */
		6D1539E716FB42A2001C0FAC /* Build configuration list for PBXProject "SophiaShow" */ = {
			isa = XCConfigurationList;
			buildConfigurations = (
				6D153A0D16FB42A2001C0FAC /* Debug */,
				6D153A0E16FB42A2001C0FAC /* Release */,
			);
			defaultConfigurationIsVisible = 0;
			defaultConfigurationName = Release;
		};
		6D153A0F16FB42A2001C0FAC /* Build configuration list for PBXNativeTarget "SophiaShow" */ = {
			isa = XCConfigurationList;
			buildConfigurations = (
				6D153A1016FB42A2001C0FAC /* Debug */,
				6D153A1116FB42A2001C0FAC /* Release */,
			);
			defaultConfigurationIsVisible = 0;
			defaultConfigurationName = Release;
		};
/* End XCConfigurationList section */
	};
	rootObject = 6D1539E416FB42A2001C0FAC /* Project object */;
}
