// !$*UTF8*$!
{
	archiveVersion = 1;
	classes = {
	};
	objectVersion = 46;
	objects = {

/* Begin PBXBuildFile section */
		6D02C8C7172BB120006CD573 /* AHAlertView.m in Sources */ = {isa = PBXBuildFile; fileRef = 6D02C8A6172BB120006CD573 /* AHAlertView.m */; settings = {COMPILER_FLAGS = "-fobjc-arc"; }; };
		6D02C8C8172BB120006CD573 /* custom-button-normal.png in Resources */ = {isa = PBXBuildFile; fileRef = 6D02C8A7172BB120006CD573 /* custom-button-normal.png */; };
		6D02C8C9172BB120006CD573 /* custom-button-normal@2x.png in Resources */ = {isa = PBXBuildFile; fileRef = 6D02C8A8172BB120006CD573 /* custom-button-normal@2x.png */; };
		6D02C8CA172BB120006CD573 /* custom-cancel-normal.png in Resources */ = {isa = PBXBuildFile; fileRef = 6D02C8A9172BB120006CD573 /* custom-cancel-normal.png */; };
		6D02C8CB172BB120006CD573 /* custom-cancel-normal@2x.png in Resources */ = {isa = PBXBuildFile; fileRef = 6D02C8AA172BB120006CD573 /* custom-cancel-normal@2x.png */; };
		6D02C8CC172BB120006CD573 /* custom-dialog-background.png in Resources */ = {isa = PBXBuildFile; fileRef = 6D02C8AB172BB120006CD573 /* custom-dialog-background.png */; };
		6D02C8CD172BB120006CD573 /* custom-dialog-background@2x.png in Resources */ = {isa = PBXBuildFile; fileRef = 6D02C8AC172BB120006CD573 /* custom-dialog-background@2x.png */; };
		6D02C8CF172BB120006CD573 /* ATPagingView.m in Sources */ = {isa = PBXBuildFile; fileRef = 6D02C8B2172BB120006CD573 /* ATPagingView.m */; };
		6D02C8D0172BB120006CD573 /* UIView+WhenTappedBlocks.m in Sources */ = {isa = PBXBuildFile; fileRef = 6D02C8B6172BB120006CD573 /* UIView+WhenTappedBlocks.m */; };
		6D02C8D1172BB120006CD573 /* SPXFrameScroller.m in Sources */ = {isa = PBXBuildFile; fileRef = 6D02C8B9172BB120006CD573 /* SPXFrameScroller.m */; };
		6D02C8D2172BB120006CD573 /* SVProgressHUD.bundle in Resources */ = {isa = PBXBuildFile; fileRef = 6D02C8BB172BB120006CD573 /* SVProgressHUD.bundle */; };
		6D02C8D3172BB120006CD573 /* SVProgressHUD.m in Sources */ = {isa = PBXBuildFile; fileRef = 6D02C8BD172BB120006CD573 /* SVProgressHUD.m */; settings = {COMPILER_FLAGS = "-fobjc-arc"; }; };
		6D064B7E177959A10067479E /* UIImage+BGAdditional.m in Sources */ = {isa = PBXBuildFile; fileRef = 6D064B79177959A10067479E /* UIImage+BGAdditional.m */; };
		6D064B7F177959A10067479E /* UIScrollView+Screenshot.m in Sources */ = {isa = PBXBuildFile; fileRef = 6D064B7B177959A10067479E /* UIScrollView+Screenshot.m */; };
		6D064B80177959A10067479E /* UIView+Screenshot.m in Sources */ = {isa = PBXBuildFile; fileRef = 6D064B7D177959A10067479E /* UIView+Screenshot.m */; };
		6D0A54D717B091DE003BFFA2 /* borderImage01.png in Resources */ = {isa = PBXBuildFile; fileRef = 6D0A54CF17B091DE003BFFA2 /* borderImage01.png */; };
		6D0A54D817B091DE003BFFA2 /* borderImage01@2x.png in Resources */ = {isa = PBXBuildFile; fileRef = 6D0A54D017B091DE003BFFA2 /* borderImage01@2x.png */; };
		6D0A54D917B091DE003BFFA2 /* borderImage02.png in Resources */ = {isa = PBXBuildFile; fileRef = 6D0A54D117B091DE003BFFA2 /* borderImage02.png */; };
		6D0A54DA17B091DE003BFFA2 /* borderImage02@2x.png in Resources */ = {isa = PBXBuildFile; fileRef = 6D0A54D217B091DE003BFFA2 /* borderImage02@2x.png */; };
		6D0A54DB17B091DE003BFFA2 /* borderImage03.png in Resources */ = {isa = PBXBuildFile; fileRef = 6D0A54D317B091DE003BFFA2 /* borderImage03.png */; };
		6D0A54DC17B091DE003BFFA2 /* borderImage03@2x.png in Resources */ = {isa = PBXBuildFile; fileRef = 6D0A54D417B091DE003BFFA2 /* borderImage03@2x.png */; };
		6D0A54DD17B091DE003BFFA2 /* borderImage04.png in Resources */ = {isa = PBXBuildFile; fileRef = 6D0A54D517B091DE003BFFA2 /* borderImage04.png */; };
		6D0A54DE17B091DE003BFFA2 /* borderImage04@2x.png in Resources */ = {isa = PBXBuildFile; fileRef = 6D0A54D617B091DE003BFFA2 /* borderImage04@2x.png */; };
		6D10066517A212200084D36A /* about_book.png in Resources */ = {isa = PBXBuildFile; fileRef = 6D10064B17A2121F0084D36A /* about_book.png */; };
		6D10066617A212200084D36A /* about_book@2x.png in Resources */ = {isa = PBXBuildFile; fileRef = 6D10064C17A2121F0084D36A /* about_book@2x.png */; };
		6D10066717A212200084D36A /* about_cn.png in Resources */ = {isa = PBXBuildFile; fileRef = 6D10064D17A2121F0084D36A /* about_cn.png */; };
		6D10066817A212200084D36A /* about_cn@2x.png in Resources */ = {isa = PBXBuildFile; fileRef = 6D10064E17A2121F0084D36A /* about_cn@2x.png */; };
		6D10066917A212200084D36A /* about_en.png in Resources */ = {isa = PBXBuildFile; fileRef = 6D10064F17A2121F0084D36A /* about_en.png */; };
		6D10066A17A212200084D36A /* about_en@2x.png in Resources */ = {isa = PBXBuildFile; fileRef = 6D10065017A2121F0084D36A /* about_en@2x.png */; };
		6D10066B17A212200084D36A /* background_home.jpg in Resources */ = {isa = PBXBuildFile; fileRef = 6D10065117A2121F0084D36A /* background_home.jpg */; };
		6D10066C17A212200084D36A /* background_home@2x.jpg in Resources */ = {isa = PBXBuildFile; fileRef = 6D10065217A2121F0084D36A /* background_home@2x.jpg */; };
		6D10066D17A212200084D36A /* gallerymenu_beauty.png in Resources */ = {isa = PBXBuildFile; fileRef = 6D10065317A2121F0084D36A /* gallerymenu_beauty.png */; };
		6D10066E17A212200084D36A /* gallerymenu_beauty@2x.png in Resources */ = {isa = PBXBuildFile; fileRef = 6D10065417A2121F0084D36A /* gallerymenu_beauty@2x.png */; };
		6D10066F17A212200084D36A /* gallerymenu_fasion.png in Resources */ = {isa = PBXBuildFile; fileRef = 6D10065517A2121F0084D36A /* gallerymenu_fasion.png */; };
		6D10067017A212200084D36A /* gallerymenu_fasion@2x.png in Resources */ = {isa = PBXBuildFile; fileRef = 6D10065617A2121F0084D36A /* gallerymenu_fasion@2x.png */; };
		6D10067117A212200084D36A /* gallerymenu_personal.png in Resources */ = {isa = PBXBuildFile; fileRef = 6D10065717A2121F0084D36A /* gallerymenu_personal.png */; };
		6D10067217A212200084D36A /* gallerymenu_personal@2x.png in Resources */ = {isa = PBXBuildFile; fileRef = 6D10065817A2121F0084D36A /* gallerymenu_personal@2x.png */; };
		6D10067317A212200084D36A /* gallerymenu_portrait.png in Resources */ = {isa = PBXBuildFile; fileRef = 6D10065917A2121F0084D36A /* gallerymenu_portrait.png */; };
		6D10067417A212200084D36A /* gallerymenu_portrait@2x.png in Resources */ = {isa = PBXBuildFile; fileRef = 6D10065A17A2121F0084D36A /* gallerymenu_portrait@2x.png */; };
		6D10067517A212200084D36A /* homemenu_about.png in Resources */ = {isa = PBXBuildFile; fileRef = 6D10065B17A2121F0084D36A /* homemenu_about.png */; };
		6D10067617A212200084D36A /* homemenu_about@2x.png in Resources */ = {isa = PBXBuildFile; fileRef = 6D10065C17A2121F0084D36A /* homemenu_about@2x.png */; };
		6D10067717A212200084D36A /* homemenu_filter.png in Resources */ = {isa = PBXBuildFile; fileRef = 6D10065D17A2121F0084D36A /* homemenu_filter.png */; };
		6D10067817A212200084D36A /* homemenu_filter@2x.png in Resources */ = {isa = PBXBuildFile; fileRef = 6D10065E17A2121F0084D36A /* homemenu_filter@2x.png */; };
		6D10067917A212200084D36A /* homemenu_gallery.png in Resources */ = {isa = PBXBuildFile; fileRef = 6D10065F17A2121F0084D36A /* homemenu_gallery.png */; };
		6D10067A17A212200084D36A /* homemenu_gallery@2x.png in Resources */ = {isa = PBXBuildFile; fileRef = 6D10066017A2121F0084D36A /* homemenu_gallery@2x.png */; };
		6D10067B17A212200084D36A /* menubtn_home.png in Resources */ = {isa = PBXBuildFile; fileRef = 6D10066117A212200084D36A /* menubtn_home.png */; };
		6D10067C17A212200084D36A /* menubtn_home@2x.png in Resources */ = {isa = PBXBuildFile; fileRef = 6D10066217A212200084D36A /* menubtn_home@2x.png */; };
		6D10067D17A212200084D36A /* particle1.png in Resources */ = {isa = PBXBuildFile; fileRef = 6D10066317A212200084D36A /* particle1.png */; };
		6D10067E17A212200084D36A /* particle1@2x.png in Resources */ = {isa = PBXBuildFile; fileRef = 6D10066417A212200084D36A /* particle1@2x.png */; };
		6D10068317A2124D0084D36A /* filterHome_choose.jpg in Resources */ = {isa = PBXBuildFile; fileRef = 6D10067F17A2124C0084D36A /* filterHome_choose.jpg */; };
		6D10068417A2124D0084D36A /* filterHome_choose@2x.jpg in Resources */ = {isa = PBXBuildFile; fileRef = 6D10068017A2124D0084D36A /* filterHome_choose@2x.jpg */; };
		6D10068517A2124D0084D36A /* filterHome_photo.jpg in Resources */ = {isa = PBXBuildFile; fileRef = 6D10068117A2124D0084D36A /* filterHome_photo.jpg */; };
		6D10068617A2124D0084D36A /* filterHome_photo@2x.jpg in Resources */ = {isa = PBXBuildFile; fileRef = 6D10068217A2124D0084D36A /* filterHome_photo@2x.jpg */; };
		6D10069917A213320084D36A /* btn_cancelAll.png in Resources */ = {isa = PBXBuildFile; fileRef = 6D10068717A213310084D36A /* btn_cancelAll.png */; };
		6D10069A17A213320084D36A /* btn_cancelAll@2x.png in Resources */ = {isa = PBXBuildFile; fileRef = 6D10068817A213310084D36A /* btn_cancelAll@2x.png */; };
		6D10069B17A213320084D36A /* btn_home.png in Resources */ = {isa = PBXBuildFile; fileRef = 6D10068917A213310084D36A /* btn_home.png */; };
		6D10069C17A213320084D36A /* btn_home@2x.png in Resources */ = {isa = PBXBuildFile; fileRef = 6D10068A17A213310084D36A /* btn_home@2x.png */; };
		6D10069D17A213320084D36A /* btn_menu1.png in Resources */ = {isa = PBXBuildFile; fileRef = 6D10068B17A213310084D36A /* btn_menu1.png */; };
		6D10069E17A213320084D36A /* btn_menu1@2x.png in Resources */ = {isa = PBXBuildFile; fileRef = 6D10068C17A213310084D36A /* btn_menu1@2x.png */; };
		6D10069F17A213320084D36A /* btn_menu2.png in Resources */ = {isa = PBXBuildFile; fileRef = 6D10068D17A213320084D36A /* btn_menu2.png */; };
		6D1006A017A213320084D36A /* btn_menu2@2x.png in Resources */ = {isa = PBXBuildFile; fileRef = 6D10068E17A213320084D36A /* btn_menu2@2x.png */; };
		6D1006A117A213320084D36A /* btn_menu3.png in Resources */ = {isa = PBXBuildFile; fileRef = 6D10068F17A213320084D36A /* btn_menu3.png */; };
		6D1006A217A213320084D36A /* btn_menu3@2x.png in Resources */ = {isa = PBXBuildFile; fileRef = 6D10069017A213320084D36A /* btn_menu3@2x.png */; };
		6D1006A317A213320084D36A /* btn_menu4.png in Resources */ = {isa = PBXBuildFile; fileRef = 6D10069117A213320084D36A /* btn_menu4.png */; };
		6D1006A417A213320084D36A /* btn_menu4@2x.png in Resources */ = {isa = PBXBuildFile; fileRef = 6D10069217A213320084D36A /* btn_menu4@2x.png */; };
		6D1006A517A213320084D36A /* btn_rotation.png in Resources */ = {isa = PBXBuildFile; fileRef = 6D10069317A213320084D36A /* btn_rotation.png */; };
		6D1006A617A213320084D36A /* btn_rotation@2x.png in Resources */ = {isa = PBXBuildFile; fileRef = 6D10069417A213320084D36A /* btn_rotation@2x.png */; };
		6D1006A717A213320084D36A /* btn_save.png in Resources */ = {isa = PBXBuildFile; fileRef = 6D10069517A213320084D36A /* btn_save.png */; };
		6D1006A817A213320084D36A /* btn_save@2x.png in Resources */ = {isa = PBXBuildFile; fileRef = 6D10069617A213320084D36A /* btn_save@2x.png */; };
		6D1006A917A213320084D36A /* filter_original.png in Resources */ = {isa = PBXBuildFile; fileRef = 6D10069717A213320084D36A /* filter_original.png */; };
		6D1006AA17A213320084D36A /* filter_original@2x.png in Resources */ = {isa = PBXBuildFile; fileRef = 6D10069817A213320084D36A /* filter_original@2x.png */; };
		6D1006B017A214210084D36A /* Icon-72.png in Resources */ = {isa = PBXBuildFile; fileRef = 6D1006AB17A214200084D36A /* Icon-72.png */; };
		6D1006B117A214210084D36A /* Icon-Small-50.png in Resources */ = {isa = PBXBuildFile; fileRef = 6D1006AC17A214200084D36A /* Icon-Small-50.png */; };
		6D1006B217A214210084D36A /* Icon-Small.png in Resources */ = {isa = PBXBuildFile; fileRef = 6D1006AD17A214210084D36A /* Icon-Small.png */; };
		6D1006B317A214210084D36A /* Icon-Small@2x.png in Resources */ = {isa = PBXBuildFile; fileRef = 6D1006AE17A214210084D36A /* Icon-Small@2x.png */; };
		6D1006B417A214210084D36A /* Icon@2x.png in Resources */ = {isa = PBXBuildFile; fileRef = 6D1006AF17A214210084D36A /* Icon@2x.png */; };
		6D15044F17D9ACA8009DF62F /* about_yee_en@2x.png in Resources */ = {isa = PBXBuildFile; fileRef = 6D15044E17D9ACA8009DF62F /* about_yee_en@2x.png */; };
		6D15045417D9D306009DF62F /* Social.framework in Frameworks */ = {isa = PBXBuildFile; fileRef = 6D15045317D9D306009DF62F /* Social.framework */; settings = {ATTRIBUTES = (Weak, ); }; };
		6D1539F016FB42A2001C0FAC /* UIKit.framework in Frameworks */ = {isa = PBXBuildFile; fileRef = 6D1539EF16FB42A2001C0FAC /* UIKit.framework */; };
		6D1539F216FB42A2001C0FAC /* Foundation.framework in Frameworks */ = {isa = PBXBuildFile; fileRef = 6D1539F116FB42A2001C0FAC /* Foundation.framework */; };
		6D1539FA16FB42A2001C0FAC /* InfoPlist.strings in Resources */ = {isa = PBXBuildFile; fileRef = 6D1539F816FB42A2001C0FAC /* InfoPlist.strings */; };
		6D1539FC16FB42A2001C0FAC /* main.m in Sources */ = {isa = PBXBuildFile; fileRef = 6D1539FB16FB42A2001C0FAC /* main.m */; };
		6D153A0016FB42A2001C0FAC /* BGAppDelegate.m in Sources */ = {isa = PBXBuildFile; fileRef = 6D1539FF16FB42A2001C0FAC /* BGAppDelegate.m */; };
		6D153A0216FB42A2001C0FAC /* Default.png in Resources */ = {isa = PBXBuildFile; fileRef = 6D153A0116FB42A2001C0FAC /* Default.png */; };
		6D153A0416FB42A2001C0FAC /* Default@2x.png in Resources */ = {isa = PBXBuildFile; fileRef = 6D153A0316FB42A2001C0FAC /* Default@2x.png */; };
		6D153A0616FB42A2001C0FAC /* Default-568h@2x.png in Resources */ = {isa = PBXBuildFile; fileRef = 6D153A0516FB42A2001C0FAC /* Default-568h@2x.png */; };
		6D1774DE178EDBFA00C16277 /* Beauty in Resources */ = {isa = PBXBuildFile; fileRef = 6D1774DA178EDBF600C16277 /* Beauty */; };
		6D1774DF178EDBFA00C16277 /* Fashion in Resources */ = {isa = PBXBuildFile; fileRef = 6D1774DB178EDBF700C16277 /* Fashion */; };
		6D1774E0178EDBFA00C16277 /* Personal in Resources */ = {isa = PBXBuildFile; fileRef = 6D1774DC178EDBF800C16277 /* Personal */; };
		6D1774E1178EDBFA00C16277 /* Portrait in Resources */ = {isa = PBXBuildFile; fileRef = 6D1774DD178EDBF900C16277 /* Portrait */; };
		6D1C031B17D71D0900B60640 /* icon_pat5.png in Resources */ = {isa = PBXBuildFile; fileRef = 6D1C030D17D71D0900B60640 /* icon_pat5.png */; };
		6D1C031C17D71D0900B60640 /* icon_pat6.png in Resources */ = {isa = PBXBuildFile; fileRef = 6D1C030E17D71D0900B60640 /* icon_pat6.png */; };
		6D1C031D17D71D0900B60640 /* icon_pat3.png in Resources */ = {isa = PBXBuildFile; fileRef = 6D1C030F17D71D0900B60640 /* icon_pat3.png */; };
		6D1C031E17D71D0900B60640 /* icon_pat4.png in Resources */ = {isa = PBXBuildFile; fileRef = 6D1C031017D71D0900B60640 /* icon_pat4.png */; };
		6D1C031F17D71D0900B60640 /* icon_pat2.png in Resources */ = {isa = PBXBuildFile; fileRef = 6D1C031117D71D0900B60640 /* icon_pat2.png */; };
		6D1C032017D71D0900B60640 /* icon_pat0.png in Resources */ = {isa = PBXBuildFile; fileRef = 6D1C031217D71D0900B60640 /* icon_pat0.png */; };
		6D1C032117D71D0900B60640 /* icon_pat1.png in Resources */ = {isa = PBXBuildFile; fileRef = 6D1C031317D71D0900B60640 /* icon_pat1.png */; };
		6D1C032217D71D0900B60640 /* icon_pat0@2x.png in Resources */ = {isa = PBXBuildFile; fileRef = 6D1C031417D71D0900B60640 /* icon_pat0@2x.png */; };
		6D1C032317D71D0900B60640 /* icon_pat1@2x.png in Resources */ = {isa = PBXBuildFile; fileRef = 6D1C031517D71D0900B60640 /* icon_pat1@2x.png */; };
		6D1C032417D71D0900B60640 /* icon_pat2@2x.png in Resources */ = {isa = PBXBuildFile; fileRef = 6D1C031617D71D0900B60640 /* icon_pat2@2x.png */; };
		6D1C032517D71D0900B60640 /* icon_pat3@2x.png in Resources */ = {isa = PBXBuildFile; fileRef = 6D1C031717D71D0900B60640 /* icon_pat3@2x.png */; };
		6D1C032617D71D0900B60640 /* icon_pat4@2x.png in Resources */ = {isa = PBXBuildFile; fileRef = 6D1C031817D71D0900B60640 /* icon_pat4@2x.png */; };
		6D1C032717D71D0900B60640 /* icon_pat5@2x.png in Resources */ = {isa = PBXBuildFile; fileRef = 6D1C031917D71D0900B60640 /* icon_pat5@2x.png */; };
		6D1C032817D71D0900B60640 /* icon_pat6@2x.png in Resources */ = {isa = PBXBuildFile; fileRef = 6D1C031A17D71D0900B60640 /* icon_pat6@2x.png */; };
		6D1C033917D71F9400B60640 /* icon_frame5.png in Resources */ = {isa = PBXBuildFile; fileRef = 6D1C032917D71F9400B60640 /* icon_frame5.png */; };
		6D1C033A17D71F9400B60640 /* icon_frame7.png in Resources */ = {isa = PBXBuildFile; fileRef = 6D1C032A17D71F9400B60640 /* icon_frame7.png */; };
		6D1C033B17D71F9400B60640 /* icon_frame3.png in Resources */ = {isa = PBXBuildFile; fileRef = 6D1C032B17D71F9400B60640 /* icon_frame3.png */; };
		6D1C033C17D71F9400B60640 /* icon_frame6.png in Resources */ = {isa = PBXBuildFile; fileRef = 6D1C032C17D71F9400B60640 /* icon_frame6.png */; };
		6D1C033D17D71F9400B60640 /* icon_frame2.png in Resources */ = {isa = PBXBuildFile; fileRef = 6D1C032D17D71F9400B60640 /* icon_frame2.png */; };
		6D1C033E17D71F9400B60640 /* icon_frame1.png in Resources */ = {isa = PBXBuildFile; fileRef = 6D1C032E17D71F9400B60640 /* icon_frame1.png */; };
		6D1C033F17D71F9400B60640 /* icon_frame0.png in Resources */ = {isa = PBXBuildFile; fileRef = 6D1C032F17D71F9400B60640 /* icon_frame0.png */; };
		6D1C034017D71F9400B60640 /* icon_frame4.png in Resources */ = {isa = PBXBuildFile; fileRef = 6D1C033017D71F9400B60640 /* icon_frame4.png */; };
		6D1C034117D71F9400B60640 /* icon_frame0@2x.png in Resources */ = {isa = PBXBuildFile; fileRef = 6D1C033117D71F9400B60640 /* icon_frame0@2x.png */; };
		6D1C034217D71F9400B60640 /* icon_frame1@2x.png in Resources */ = {isa = PBXBuildFile; fileRef = 6D1C033217D71F9400B60640 /* icon_frame1@2x.png */; };
		6D1C034317D71F9400B60640 /* icon_frame2@2x.png in Resources */ = {isa = PBXBuildFile; fileRef = 6D1C033317D71F9400B60640 /* icon_frame2@2x.png */; };
		6D1C034417D71F9400B60640 /* icon_frame3@2x.png in Resources */ = {isa = PBXBuildFile; fileRef = 6D1C033417D71F9400B60640 /* icon_frame3@2x.png */; };
		6D1C034517D71F9400B60640 /* icon_frame4@2x.png in Resources */ = {isa = PBXBuildFile; fileRef = 6D1C033517D71F9400B60640 /* icon_frame4@2x.png */; };
		6D1C034617D71F9400B60640 /* icon_frame5@2x.png in Resources */ = {isa = PBXBuildFile; fileRef = 6D1C033617D71F9400B60640 /* icon_frame5@2x.png */; };
		6D1C034717D71F9400B60640 /* icon_frame6@2x.png in Resources */ = {isa = PBXBuildFile; fileRef = 6D1C033717D71F9400B60640 /* icon_frame6@2x.png */; };
		6D1C034817D71F9400B60640 /* icon_frame7@2x.png in Resources */ = {isa = PBXBuildFile; fileRef = 6D1C033817D71F9400B60640 /* icon_frame7@2x.png */; };
		6D38AD6A17A00DD3006BA6CC /* UIImage+Filter.m in Sources */ = {isa = PBXBuildFile; fileRef = 6D38AD6917A00DD3006BA6CC /* UIImage+Filter.m */; };
		6D3BA18E17D8B121007FC6D6 /* about_yee_cn.png in Resources */ = {isa = PBXBuildFile; fileRef = 6D3BA18C17D8B121007FC6D6 /* about_yee_cn.png */; };
		6D3BA18F17D8B121007FC6D6 /* about_yee_cn@2x.png in Resources */ = {isa = PBXBuildFile; fileRef = 6D3BA18D17D8B121007FC6D6 /* about_yee_cn@2x.png */; };
		6D3EE3BB1746874E00A56512 /* Default-Landscape~ipad.png in Resources */ = {isa = PBXBuildFile; fileRef = 6D3EE3BA1746874E00A56512 /* Default-Landscape~ipad.png */; };
		6D3EE3BD1746878400A56512 /* Default-Landscape@2x~ipad.png in Resources */ = {isa = PBXBuildFile; fileRef = 6D3EE3BC1746878400A56512 /* Default-Landscape@2x~ipad.png */; };
		6D41CE411737968400E1145C /* BGGalleryViewController.m in Sources */ = {isa = PBXBuildFile; fileRef = 6D41CE401737968400E1145C /* BGGalleryViewController.m */; };
		6D41CE4A1737983100E1145C /* BGGalleryScrollViewController.m in Sources */ = {isa = PBXBuildFile; fileRef = 6D41CE491737983100E1145C /* BGGalleryScrollViewController.m */; };
		6D41CE4E1737A57200E1145C /* iCarousel.m in Sources */ = {isa = PBXBuildFile; fileRef = 6D41CE4D1737A57200E1145C /* iCarousel.m */; };
		6D48B67416FC4CF0008B2371 /* BGSwitchViewController.m in Sources */ = {isa = PBXBuildFile; fileRef = 6D48B67316FC4CF0008B2371 /* BGSwitchViewController.m */; };
		6D4B179416FDD64800EE0EE9 /* BGGlobalData.m in Sources */ = {isa = PBXBuildFile; fileRef = 6D4B179316FDD64800EE0EE9 /* BGGlobalData.m */; };
		6D4FD848177186120022DBCA /* HMSideMenu.m in Sources */ = {isa = PBXBuildFile; fileRef = 6D4FD847177186120022DBCA /* HMSideMenu.m */; settings = {COMPILER_FLAGS = "-fobjc-arc"; }; };
		6D4FD87E1771DA570022DBCA /* Filters in Resources */ = {isa = PBXBuildFile; fileRef = 6D4FD87D1771DA570022DBCA /* Filters */; };
		6D4FD89017720BE50022DBCA /* filter_mx_0.png in Resources */ = {isa = PBXBuildFile; fileRef = 6D4FD88B17720BE50022DBCA /* filter_mx_0.png */; };
		6D4FD89117720BE50022DBCA /* filter_mx_1.png in Resources */ = {isa = PBXBuildFile; fileRef = 6D4FD88C17720BE50022DBCA /* filter_mx_1.png */; };
		6D4FD89217720BE50022DBCA /* filter_mx_2.png in Resources */ = {isa = PBXBuildFile; fileRef = 6D4FD88D17720BE50022DBCA /* filter_mx_2.png */; };
		6D4FD89317720BE50022DBCA /* filter_mx_3.png in Resources */ = {isa = PBXBuildFile; fileRef = 6D4FD88E17720BE50022DBCA /* filter_mx_3.png */; };
		6D4FD89417720BE50022DBCA /* filter_mx_4.png in Resources */ = {isa = PBXBuildFile; fileRef = 6D4FD88F17720BE50022DBCA /* filter_mx_4.png */; };
		6D6E6CF917A8E7CD003E5BA2 /* optionbar_close.png in Resources */ = {isa = PBXBuildFile; fileRef = 6D6E6CEB17A8E7CD003E5BA2 /* optionbar_close.png */; };
		6D6E6CFA17A8E7CD003E5BA2 /* optionbar_close@2x.png in Resources */ = {isa = PBXBuildFile; fileRef = 6D6E6CEC17A8E7CD003E5BA2 /* optionbar_close@2x.png */; };
		6D6E6CFB17A8E7CD003E5BA2 /* special00.png in Resources */ = {isa = PBXBuildFile; fileRef = 6D6E6CED17A8E7CD003E5BA2 /* special00.png */; };
		6D6E6CFC17A8E7CD003E5BA2 /* special00@2x.png in Resources */ = {isa = PBXBuildFile; fileRef = 6D6E6CEE17A8E7CD003E5BA2 /* special00@2x.png */; };
		6D6E6CFD17A8E7CD003E5BA2 /* special01.png in Resources */ = {isa = PBXBuildFile; fileRef = 6D6E6CEF17A8E7CD003E5BA2 /* special01.png */; };
		6D6E6CFE17A8E7CD003E5BA2 /* special01@2x.png in Resources */ = {isa = PBXBuildFile; fileRef = 6D6E6CF017A8E7CD003E5BA2 /* special01@2x.png */; };
		6D6E6CFF17A8E7CD003E5BA2 /* special02.png in Resources */ = {isa = PBXBuildFile; fileRef = 6D6E6CF117A8E7CD003E5BA2 /* special02.png */; };
		6D6E6D0017A8E7CD003E5BA2 /* special02@2x.png in Resources */ = {isa = PBXBuildFile; fileRef = 6D6E6CF217A8E7CD003E5BA2 /* special02@2x.png */; };
		6D6E6D0117A8E7CD003E5BA2 /* special03.png in Resources */ = {isa = PBXBuildFile; fileRef = 6D6E6CF317A8E7CD003E5BA2 /* special03.png */; };
		6D6E6D0217A8E7CD003E5BA2 /* special03@2x.png in Resources */ = {isa = PBXBuildFile; fileRef = 6D6E6CF417A8E7CD003E5BA2 /* special03@2x.png */; };
		6D6E6D0317A8E7CD003E5BA2 /* special04.png in Resources */ = {isa = PBXBuildFile; fileRef = 6D6E6CF517A8E7CD003E5BA2 /* special04.png */; };
		6D6E6D0417A8E7CD003E5BA2 /* special04@2x.png in Resources */ = {isa = PBXBuildFile; fileRef = 6D6E6CF617A8E7CD003E5BA2 /* special04@2x.png */; };
		6D6E6D0517A8E7CD003E5BA2 /* special05.png in Resources */ = {isa = PBXBuildFile; fileRef = 6D6E6CF717A8E7CD003E5BA2 /* special05.png */; };
		6D6E6D0617A8E7CD003E5BA2 /* special05@2x.png in Resources */ = {isa = PBXBuildFile; fileRef = 6D6E6CF817A8E7CD003E5BA2 /* special05@2x.png */; };
		6D6E6D0B17A900CB003E5BA2 /* about_text_cn.png in Resources */ = {isa = PBXBuildFile; fileRef = 6D6E6D0717A900CA003E5BA2 /* about_text_cn.png */; };
		6D6E6D0C17A900CB003E5BA2 /* about_text_en.png in Resources */ = {isa = PBXBuildFile; fileRef = 6D6E6D0817A900CA003E5BA2 /* about_text_en.png */; };
		6D6E6D0D17A900CB003E5BA2 /* about_text_en@2x.png in Resources */ = {isa = PBXBuildFile; fileRef = 6D6E6D0917A900CB003E5BA2 /* about_text_en@2x.png */; };
		6D6E6D0E17A900CB003E5BA2 /* about_text_cn@2x.png in Resources */ = {isa = PBXBuildFile; fileRef = 6D6E6D0A17A900CB003E5BA2 /* about_text_cn@2x.png */; };
		6D763A4717D47A76005C7700 /* about_yee_en.png in Resources */ = {isa = PBXBuildFile; fileRef = 6D763A4517D47A76005C7700 /* about_yee_en.png */; };
		6DC94617174265C50019FDA4 /* NSObject+Blocks.m in Sources */ = {isa = PBXBuildFile; fileRef = 6DC94616174265C50019FDA4 /* NSObject+Blocks.m */; };
		6DCF23A9179E67B0001FE0BC /* BGHomeViewController.xib in Resources */ = {isa = PBXBuildFile; fileRef = 6DCF23A8179E67B0001FE0BC /* BGHomeViewController.xib */; };
		6DD0755017954739006D6D2D /* BGUIView.m in Sources */ = {isa = PBXBuildFile; fileRef = 6DD0754F17954738006D6D2D /* BGUIView.m */; };
		6DD0755317954CB5006D6D2D /* BGHomeViewController.m in Sources */ = {isa = PBXBuildFile; fileRef = 6DD0755217954CB4006D6D2D /* BGHomeViewController.m */; };
		6DD0755617958F0A006D6D2D /* UIScreen+SSToolkitAdditions.m in Sources */ = {isa = PBXBuildFile; fileRef = 6DD0755517958F0A006D6D2D /* UIScreen+SSToolkitAdditions.m */; settings = {COMPILER_FLAGS = "-fobjc-arc"; }; };
		6DE49EF2176C46F800509B5F /* BGGalleryViewController.xib in Resources */ = {isa = PBXBuildFile; fileRef = 6DE49EF1176C46F800509B5F /* BGGalleryViewController.xib */; };
		6DE49EF6176C575800509B5F /* BGImageFilterViewController.m in Sources */ = {isa = PBXBuildFile; fileRef = 6DE49EF4176C575800509B5F /* BGImageFilterViewController.m */; };
		6DE49EF7176C575800509B5F /* BGImageFilterViewController.xib in Resources */ = {isa = PBXBuildFile; fileRef = 6DE49EF5176C575800509B5F /* BGImageFilterViewController.xib */; };
		6DE747E91731FE8800A06939 /* QuartzCore.framework in Frameworks */ = {isa = PBXBuildFile; fileRef = 6DE747E81731FE8800A06939 /* QuartzCore.framework */; };
		6DE747F51732156700A06939 /* SettingData.plist in Resources */ = {isa = PBXBuildFile; fileRef = 6DE747F41732156700A06939 /* SettingData.plist */; };
		6DF530101773F0C5002FEFF4 /* BGFilterAreaViewController.m in Sources */ = {isa = PBXBuildFile; fileRef = 6DF5300F1773F0C5002FEFF4 /* BGFilterAreaViewController.m */; };
		6DF84C8017A94CBE00004968 /* CoreGraphics.framework in Frameworks */ = {isa = PBXBuildFile; fileRef = 6D1539F316FB42A2001C0FAC /* CoreGraphics.framework */; };
/* End PBXBuildFile section */

/* Begin PBXFileReference section */
		6D01BA31178C4B5C006AF0E8 /* libMobClickLibrary.a */ = {isa = PBXFileReference; lastKnownFileType = archive.ar; path = libMobClickLibrary.a; sourceTree = "<group>"; };
		6D01BA32178C4B5C006AF0E8 /* MobClick.h */ = {isa = PBXFileReference; fileEncoding = 4; lastKnownFileType = sourcecode.c.h; path = MobClick.h; sourceTree = "<group>"; };
		6D02C8A5172BB120006CD573 /* AHAlertView.h */ = {isa = PBXFileReference; fileEncoding = 4; lastKnownFileType = sourcecode.c.h; path = AHAlertView.h; sourceTree = "<group>"; };
		6D02C8A6172BB120006CD573 /* AHAlertView.m */ = {isa = PBXFileReference; fileEncoding = 4; lastKnownFileType = sourcecode.c.objc; path = AHAlertView.m; sourceTree = "<group>"; };
		6D02C8A7172BB120006CD573 /* custom-button-normal.png */ = {isa = PBXFileReference; lastKnownFileType = image.png; path = "custom-button-normal.png"; sourceTree = "<group>"; };
		6D02C8A8172BB120006CD573 /* custom-button-normal@2x.png */ = {isa = PBXFileReference; lastKnownFileType = image.png; path = "custom-button-normal@2x.png"; sourceTree = "<group>"; };
		6D02C8A9172BB120006CD573 /* custom-cancel-normal.png */ = {isa = PBXFileReference; lastKnownFileType = image.png; path = "custom-cancel-normal.png"; sourceTree = "<group>"; };
		6D02C8AA172BB120006CD573 /* custom-cancel-normal@2x.png */ = {isa = PBXFileReference; lastKnownFileType = image.png; path = "custom-cancel-normal@2x.png"; sourceTree = "<group>"; };
		6D02C8AB172BB120006CD573 /* custom-dialog-background.png */ = {isa = PBXFileReference; lastKnownFileType = image.png; path = "custom-dialog-background.png"; sourceTree = "<group>"; };
		6D02C8AC172BB120006CD573 /* custom-dialog-background@2x.png */ = {isa = PBXFileReference; lastKnownFileType = image.png; path = "custom-dialog-background@2x.png"; sourceTree = "<group>"; };
		6D02C8B1172BB120006CD573 /* ATPagingView.h */ = {isa = PBXFileReference; fileEncoding = 4; lastKnownFileType = sourcecode.c.h; path = ATPagingView.h; sourceTree = "<group>"; };
		6D02C8B2172BB120006CD573 /* ATPagingView.m */ = {isa = PBXFileReference; fileEncoding = 4; lastKnownFileType = sourcecode.c.objc; path = ATPagingView.m; sourceTree = "<group>"; };
		6D02C8B4172BB120006CD573 /* JMWhenTapped.h */ = {isa = PBXFileReference; fileEncoding = 4; lastKnownFileType = sourcecode.c.h; path = JMWhenTapped.h; sourceTree = "<group>"; };
		6D02C8B5172BB120006CD573 /* UIView+WhenTappedBlocks.h */ = {isa = PBXFileReference; fileEncoding = 4; lastKnownFileType = sourcecode.c.h; path = "UIView+WhenTappedBlocks.h"; sourceTree = "<group>"; };
		6D02C8B6172BB120006CD573 /* UIView+WhenTappedBlocks.m */ = {isa = PBXFileReference; fileEncoding = 4; lastKnownFileType = sourcecode.c.objc; path = "UIView+WhenTappedBlocks.m"; sourceTree = "<group>"; };
		6D02C8B8172BB120006CD573 /* SPXFrameScroller.h */ = {isa = PBXFileReference; fileEncoding = 4; lastKnownFileType = sourcecode.c.h; path = SPXFrameScroller.h; sourceTree = "<group>"; };
		6D02C8B9172BB120006CD573 /* SPXFrameScroller.m */ = {isa = PBXFileReference; fileEncoding = 4; lastKnownFileType = sourcecode.c.objc; path = SPXFrameScroller.m; sourceTree = "<group>"; };
		6D02C8BB172BB120006CD573 /* SVProgressHUD.bundle */ = {isa = PBXFileReference; lastKnownFileType = "wrapper.plug-in"; path = SVProgressHUD.bundle; sourceTree = "<group>"; };
		6D02C8BC172BB120006CD573 /* SVProgressHUD.h */ = {isa = PBXFileReference; fileEncoding = 4; lastKnownFileType = sourcecode.c.h; path = SVProgressHUD.h; sourceTree = "<group>"; };
		6D02C8BD172BB120006CD573 /* SVProgressHUD.m */ = {isa = PBXFileReference; fileEncoding = 4; lastKnownFileType = sourcecode.c.objc; path = SVProgressHUD.m; sourceTree = "<group>"; };
		6D064B78177959A10067479E /* UIImage+BGAdditional.h */ = {isa = PBXFileReference; fileEncoding = 4; lastKnownFileType = sourcecode.c.h; path = "UIImage+BGAdditional.h"; sourceTree = "<group>"; };
		6D064B79177959A10067479E /* UIImage+BGAdditional.m */ = {isa = PBXFileReference; fileEncoding = 4; lastKnownFileType = sourcecode.c.objc; path = "UIImage+BGAdditional.m"; sourceTree = "<group>"; };
		6D064B7A177959A10067479E /* UIScrollView+Screenshot.h */ = {isa = PBXFileReference; fileEncoding = 4; lastKnownFileType = sourcecode.c.h; path = "UIScrollView+Screenshot.h"; sourceTree = "<group>"; };
		6D064B7B177959A10067479E /* UIScrollView+Screenshot.m */ = {isa = PBXFileReference; fileEncoding = 4; lastKnownFileType = sourcecode.c.objc; path = "UIScrollView+Screenshot.m"; sourceTree = "<group>"; };
		6D064B7C177959A10067479E /* UIView+Screenshot.h */ = {isa = PBXFileReference; fileEncoding = 4; lastKnownFileType = sourcecode.c.h; path = "UIView+Screenshot.h"; sourceTree = "<group>"; };
		6D064B7D177959A10067479E /* UIView+Screenshot.m */ = {isa = PBXFileReference; fileEncoding = 4; lastKnownFileType = sourcecode.c.objc; path = "UIView+Screenshot.m"; sourceTree = "<group>"; };
		6D0A54CF17B091DE003BFFA2 /* borderImage01.png */ = {isa = PBXFileReference; lastKnownFileType = image.png; path = borderImage01.png; sourceTree = "<group>"; };
		6D0A54D017B091DE003BFFA2 /* borderImage01@2x.png */ = {isa = PBXFileReference; lastKnownFileType = image.png; path = "borderImage01@2x.png"; sourceTree = "<group>"; };
		6D0A54D117B091DE003BFFA2 /* borderImage02.png */ = {isa = PBXFileReference; lastKnownFileType = image.png; path = borderImage02.png; sourceTree = "<group>"; };
		6D0A54D217B091DE003BFFA2 /* borderImage02@2x.png */ = {isa = PBXFileReference; lastKnownFileType = image.png; path = "borderImage02@2x.png"; sourceTree = "<group>"; };
		6D0A54D317B091DE003BFFA2 /* borderImage03.png */ = {isa = PBXFileReference; lastKnownFileType = image.png; path = borderImage03.png; sourceTree = "<group>"; };
		6D0A54D417B091DE003BFFA2 /* borderImage03@2x.png */ = {isa = PBXFileReference; lastKnownFileType = image.png; path = "borderImage03@2x.png"; sourceTree = "<group>"; };
		6D0A54D517B091DE003BFFA2 /* borderImage04.png */ = {isa = PBXFileReference; lastKnownFileType = image.png; path = borderImage04.png; sourceTree = "<group>"; };
		6D0A54D617B091DE003BFFA2 /* borderImage04@2x.png */ = {isa = PBXFileReference; lastKnownFileType = image.png; path = "borderImage04@2x.png"; sourceTree = "<group>"; };
		6D10064B17A2121F0084D36A /* about_book.png */ = {isa = PBXFileReference; lastKnownFileType = image.png; path = about_book.png; sourceTree = "<group>"; };
		6D10064C17A2121F0084D36A /* about_book@2x.png */ = {isa = PBXFileReference; lastKnownFileType = image.png; path = "about_book@2x.png"; sourceTree = "<group>"; };
		6D10064D17A2121F0084D36A /* about_cn.png */ = {isa = PBXFileReference; lastKnownFileType = image.png; path = about_cn.png; sourceTree = "<group>"; };
		6D10064E17A2121F0084D36A /* about_cn@2x.png */ = {isa = PBXFileReference; lastKnownFileType = image.png; path = "about_cn@2x.png"; sourceTree = "<group>"; };
		6D10064F17A2121F0084D36A /* about_en.png */ = {isa = PBXFileReference; lastKnownFileType = image.png; path = about_en.png; sourceTree = "<group>"; };
		6D10065017A2121F0084D36A /* about_en@2x.png */ = {isa = PBXFileReference; lastKnownFileType = image.png; path = "about_en@2x.png"; sourceTree = "<group>"; };
		6D10065117A2121F0084D36A /* background_home.jpg */ = {isa = PBXFileReference; lastKnownFileType = image.jpeg; path = background_home.jpg; sourceTree = "<group>"; };
		6D10065217A2121F0084D36A /* background_home@2x.jpg */ = {isa = PBXFileReference; lastKnownFileType = image.jpeg; path = "background_home@2x.jpg"; sourceTree = "<group>"; };
		6D10065317A2121F0084D36A /* gallerymenu_beauty.png */ = {isa = PBXFileReference; lastKnownFileType = image.png; path = gallerymenu_beauty.png; sourceTree = "<group>"; };
		6D10065417A2121F0084D36A /* gallerymenu_beauty@2x.png */ = {isa = PBXFileReference; lastKnownFileType = image.png; path = "gallerymenu_beauty@2x.png"; sourceTree = "<group>"; };
		6D10065517A2121F0084D36A /* gallerymenu_fasion.png */ = {isa = PBXFileReference; lastKnownFileType = image.png; path = gallerymenu_fasion.png; sourceTree = "<group>"; };
		6D10065617A2121F0084D36A /* gallerymenu_fasion@2x.png */ = {isa = PBXFileReference; lastKnownFileType = image.png; path = "gallerymenu_fasion@2x.png"; sourceTree = "<group>"; };
		6D10065717A2121F0084D36A /* gallerymenu_personal.png */ = {isa = PBXFileReference; lastKnownFileType = image.png; path = gallerymenu_personal.png; sourceTree = "<group>"; };
		6D10065817A2121F0084D36A /* gallerymenu_personal@2x.png */ = {isa = PBXFileReference; lastKnownFileType = image.png; path = "gallerymenu_personal@2x.png"; sourceTree = "<group>"; };
		6D10065917A2121F0084D36A /* gallerymenu_portrait.png */ = {isa = PBXFileReference; lastKnownFileType = image.png; path = gallerymenu_portrait.png; sourceTree = "<group>"; };
		6D10065A17A2121F0084D36A /* gallerymenu_portrait@2x.png */ = {isa = PBXFileReference; lastKnownFileType = image.png; path = "gallerymenu_portrait@2x.png"; sourceTree = "<group>"; };
		6D10065B17A2121F0084D36A /* homemenu_about.png */ = {isa = PBXFileReference; lastKnownFileType = image.png; path = homemenu_about.png; sourceTree = "<group>"; };
		6D10065C17A2121F0084D36A /* homemenu_about@2x.png */ = {isa = PBXFileReference; lastKnownFileType = image.png; path = "homemenu_about@2x.png"; sourceTree = "<group>"; };
		6D10065D17A2121F0084D36A /* homemenu_filter.png */ = {isa = PBXFileReference; lastKnownFileType = image.png; path = homemenu_filter.png; sourceTree = "<group>"; };
		6D10065E17A2121F0084D36A /* homemenu_filter@2x.png */ = {isa = PBXFileReference; lastKnownFileType = image.png; path = "homemenu_filter@2x.png"; sourceTree = "<group>"; };
		6D10065F17A2121F0084D36A /* homemenu_gallery.png */ = {isa = PBXFileReference; lastKnownFileType = image.png; path = homemenu_gallery.png; sourceTree = "<group>"; };
		6D10066017A2121F0084D36A /* homemenu_gallery@2x.png */ = {isa = PBXFileReference; lastKnownFileType = image.png; path = "homemenu_gallery@2x.png"; sourceTree = "<group>"; };
		6D10066117A212200084D36A /* menubtn_home.png */ = {isa = PBXFileReference; lastKnownFileType = image.png; path = menubtn_home.png; sourceTree = "<group>"; };
		6D10066217A212200084D36A /* menubtn_home@2x.png */ = {isa = PBXFileReference; lastKnownFileType = image.png; path = "menubtn_home@2x.png"; sourceTree = "<group>"; };
		6D10066317A212200084D36A /* particle1.png */ = {isa = PBXFileReference; lastKnownFileType = image.png; path = particle1.png; sourceTree = "<group>"; };
		6D10066417A212200084D36A /* particle1@2x.png */ = {isa = PBXFileReference; lastKnownFileType = image.png; path = "particle1@2x.png"; sourceTree = "<group>"; };
		6D10067F17A2124C0084D36A /* filterHome_choose.jpg */ = {isa = PBXFileReference; lastKnownFileType = image.jpeg; path = filterHome_choose.jpg; sourceTree = "<group>"; };
		6D10068017A2124D0084D36A /* filterHome_choose@2x.jpg */ = {isa = PBXFileReference; lastKnownFileType = image.jpeg; path = "filterHome_choose@2x.jpg"; sourceTree = "<group>"; };
		6D10068117A2124D0084D36A /* filterHome_photo.jpg */ = {isa = PBXFileReference; lastKnownFileType = image.jpeg; path = filterHome_photo.jpg; sourceTree = "<group>"; };
		6D10068217A2124D0084D36A /* filterHome_photo@2x.jpg */ = {isa = PBXFileReference; lastKnownFileType = image.jpeg; path = "filterHome_photo@2x.jpg"; sourceTree = "<group>"; };
		6D10068717A213310084D36A /* btn_cancelAll.png */ = {isa = PBXFileReference; lastKnownFileType = image.png; path = btn_cancelAll.png; sourceTree = "<group>"; };
		6D10068817A213310084D36A /* btn_cancelAll@2x.png */ = {isa = PBXFileReference; lastKnownFileType = image.png; path = "btn_cancelAll@2x.png"; sourceTree = "<group>"; };
		6D10068917A213310084D36A /* btn_home.png */ = {isa = PBXFileReference; lastKnownFileType = image.png; path = btn_home.png; sourceTree = "<group>"; };
		6D10068A17A213310084D36A /* btn_home@2x.png */ = {isa = PBXFileReference; lastKnownFileType = image.png; path = "btn_home@2x.png"; sourceTree = "<group>"; };
		6D10068B17A213310084D36A /* btn_menu1.png */ = {isa = PBXFileReference; lastKnownFileType = image.png; path = btn_menu1.png; sourceTree = "<group>"; };
		6D10068C17A213310084D36A /* btn_menu1@2x.png */ = {isa = PBXFileReference; lastKnownFileType = image.png; path = "btn_menu1@2x.png"; sourceTree = "<group>"; };
		6D10068D17A213320084D36A /* btn_menu2.png */ = {isa = PBXFileReference; lastKnownFileType = image.png; path = btn_menu2.png; sourceTree = "<group>"; };
		6D10068E17A213320084D36A /* btn_menu2@2x.png */ = {isa = PBXFileReference; lastKnownFileType = image.png; path = "btn_menu2@2x.png"; sourceTree = "<group>"; };
		6D10068F17A213320084D36A /* btn_menu3.png */ = {isa = PBXFileReference; lastKnownFileType = image.png; path = btn_menu3.png; sourceTree = "<group>"; };
		6D10069017A213320084D36A /* btn_menu3@2x.png */ = {isa = PBXFileReference; lastKnownFileType = image.png; path = "btn_menu3@2x.png"; sourceTree = "<group>"; };
		6D10069117A213320084D36A /* btn_menu4.png */ = {isa = PBXFileReference; lastKnownFileType = image.png; path = btn_menu4.png; sourceTree = "<group>"; };
		6D10069217A213320084D36A /* btn_menu4@2x.png */ = {isa = PBXFileReference; lastKnownFileType = image.png; path = "btn_menu4@2x.png"; sourceTree = "<group>"; };
		6D10069317A213320084D36A /* btn_rotation.png */ = {isa = PBXFileReference; lastKnownFileType = image.png; path = btn_rotation.png; sourceTree = "<group>"; };
		6D10069417A213320084D36A /* btn_rotation@2x.png */ = {isa = PBXFileReference; lastKnownFileType = image.png; path = "btn_rotation@2x.png"; sourceTree = "<group>"; };
		6D10069517A213320084D36A /* btn_save.png */ = {isa = PBXFileReference; lastKnownFileType = image.png; path = btn_save.png; sourceTree = "<group>"; };
		6D10069617A213320084D36A /* btn_save@2x.png */ = {isa = PBXFileReference; lastKnownFileType = image.png; path = "btn_save@2x.png"; sourceTree = "<group>"; };
		6D10069717A213320084D36A /* filter_original.png */ = {isa = PBXFileReference; lastKnownFileType = image.png; path = filter_original.png; sourceTree = "<group>"; };
		6D10069817A213320084D36A /* filter_original@2x.png */ = {isa = PBXFileReference; lastKnownFileType = image.png; path = "filter_original@2x.png"; sourceTree = "<group>"; };
		6D1006AB17A214200084D36A /* Icon-72.png */ = {isa = PBXFileReference; lastKnownFileType = image.png; path = "Icon-72.png"; sourceTree = "<group>"; };
		6D1006AC17A214200084D36A /* Icon-Small-50.png */ = {isa = PBXFileReference; lastKnownFileType = image.png; path = "Icon-Small-50.png"; sourceTree = "<group>"; };
		6D1006AD17A214210084D36A /* Icon-Small.png */ = {isa = PBXFileReference; lastKnownFileType = image.png; path = "Icon-Small.png"; sourceTree = "<group>"; };
		6D1006AE17A214210084D36A /* Icon-Small@2x.png */ = {isa = PBXFileReference; lastKnownFileType = image.png; path = "Icon-Small@2x.png"; sourceTree = "<group>"; };
		6D1006AF17A214210084D36A /* Icon@2x.png */ = {isa = PBXFileReference; lastKnownFileType = image.png; path = "Icon@2x.png"; sourceTree = "<group>"; };
		6D15044E17D9ACA8009DF62F /* about_yee_en@2x.png */ = {isa = PBXFileReference; lastKnownFileType = image.png; path = "about_yee_en@2x.png"; sourceTree = "<group>"; };
		6D15045317D9D306009DF62F /* Social.framework */ = {isa = PBXFileReference; lastKnownFileType = wrapper.framework; name = Social.framework; path = System/Library/Frameworks/Social.framework; sourceTree = SDKROOT; };
		6D1539EC16FB42A2001C0FAC /* SophiaShow.app */ = {isa = PBXFileReference; explicitFileType = wrapper.application; includeInIndex = 0; path = SophiaShow.app; sourceTree = BUILT_PRODUCTS_DIR; };
		6D1539EF16FB42A2001C0FAC /* UIKit.framework */ = {isa = PBXFileReference; lastKnownFileType = wrapper.framework; name = UIKit.framework; path = System/Library/Frameworks/UIKit.framework; sourceTree = SDKROOT; };
		6D1539F116FB42A2001C0FAC /* Foundation.framework */ = {isa = PBXFileReference; lastKnownFileType = wrapper.framework; name = Foundation.framework; path = System/Library/Frameworks/Foundation.framework; sourceTree = SDKROOT; };
		6D1539F316FB42A2001C0FAC /* CoreGraphics.framework */ = {isa = PBXFileReference; lastKnownFileType = wrapper.framework; name = CoreGraphics.framework; path = System/Library/Frameworks/CoreGraphics.framework; sourceTree = SDKROOT; };
		6D1539F716FB42A2001C0FAC /* SophiaShow-Info.plist */ = {isa = PBXFileReference; lastKnownFileType = text.plist.xml; path = "SophiaShow-Info.plist"; sourceTree = "<group>"; };
		6D1539F916FB42A2001C0FAC /* en */ = {isa = PBXFileReference; lastKnownFileType = text.plist.strings; name = en; path = en.lproj/InfoPlist.strings; sourceTree = "<group>"; };
		6D1539FB16FB42A2001C0FAC /* main.m */ = {isa = PBXFileReference; lastKnownFileType = sourcecode.c.objc; path = main.m; sourceTree = "<group>"; };
		6D1539FD16FB42A2001C0FAC /* SophiaShow-Prefix.pch */ = {isa = PBXFileReference; lastKnownFileType = sourcecode.c.h; path = "SophiaShow-Prefix.pch"; sourceTree = "<group>"; };
		6D1539FE16FB42A2001C0FAC /* BGAppDelegate.h */ = {isa = PBXFileReference; lastKnownFileType = sourcecode.c.h; path = BGAppDelegate.h; sourceTree = "<group>"; };
		6D1539FF16FB42A2001C0FAC /* BGAppDelegate.m */ = {isa = PBXFileReference; lastKnownFileType = sourcecode.c.objc; path = BGAppDelegate.m; sourceTree = "<group>"; };
		6D153A0116FB42A2001C0FAC /* Default.png */ = {isa = PBXFileReference; lastKnownFileType = image.png; path = Default.png; sourceTree = "<group>"; };
		6D153A0316FB42A2001C0FAC /* Default@2x.png */ = {isa = PBXFileReference; lastKnownFileType = image.png; path = "Default@2x.png"; sourceTree = "<group>"; };
		6D153A0516FB42A2001C0FAC /* Default-568h@2x.png */ = {isa = PBXFileReference; lastKnownFileType = image.png; path = "Default-568h@2x.png"; sourceTree = "<group>"; };
		6D1774DA178EDBF600C16277 /* Beauty */ = {isa = PBXFileReference; lastKnownFileType = folder; path = Beauty; sourceTree = "<group>"; };
		6D1774DB178EDBF700C16277 /* Fashion */ = {isa = PBXFileReference; lastKnownFileType = folder; path = Fashion; sourceTree = "<group>"; };
		6D1774DC178EDBF800C16277 /* Personal */ = {isa = PBXFileReference; lastKnownFileType = folder; path = Personal; sourceTree = "<group>"; };
		6D1774DD178EDBF900C16277 /* Portrait */ = {isa = PBXFileReference; lastKnownFileType = folder; path = Portrait; sourceTree = "<group>"; };
		6D1C030D17D71D0900B60640 /* icon_pat5.png */ = {isa = PBXFileReference; lastKnownFileType = image.png; path = icon_pat5.png; sourceTree = "<group>"; };
		6D1C030E17D71D0900B60640 /* icon_pat6.png */ = {isa = PBXFileReference; lastKnownFileType = image.png; path = icon_pat6.png; sourceTree = "<group>"; };
		6D1C030F17D71D0900B60640 /* icon_pat3.png */ = {isa = PBXFileReference; lastKnownFileType = image.png; path = icon_pat3.png; sourceTree = "<group>"; };
		6D1C031017D71D0900B60640 /* icon_pat4.png */ = {isa = PBXFileReference; lastKnownFileType = image.png; path = icon_pat4.png; sourceTree = "<group>"; };
		6D1C031117D71D0900B60640 /* icon_pat2.png */ = {isa = PBXFileReference; lastKnownFileType = image.png; path = icon_pat2.png; sourceTree = "<group>"; };
		6D1C031217D71D0900B60640 /* icon_pat0.png */ = {isa = PBXFileReference; lastKnownFileType = image.png; path = icon_pat0.png; sourceTree = "<group>"; };
		6D1C031317D71D0900B60640 /* icon_pat1.png */ = {isa = PBXFileReference; lastKnownFileType = image.png; path = icon_pat1.png; sourceTree = "<group>"; };
		6D1C031417D71D0900B60640 /* icon_pat0@2x.png */ = {isa = PBXFileReference; lastKnownFileType = image.png; path = "icon_pat0@2x.png"; sourceTree = "<group>"; };
		6D1C031517D71D0900B60640 /* icon_pat1@2x.png */ = {isa = PBXFileReference; lastKnownFileType = image.png; path = "icon_pat1@2x.png"; sourceTree = "<group>"; };
		6D1C031617D71D0900B60640 /* icon_pat2@2x.png */ = {isa = PBXFileReference; lastKnownFileType = image.png; path = "icon_pat2@2x.png"; sourceTree = "<group>"; };
		6D1C031717D71D0900B60640 /* icon_pat3@2x.png */ = {isa = PBXFileReference; lastKnownFileType = image.png; path = "icon_pat3@2x.png"; sourceTree = "<group>"; };
		6D1C031817D71D0900B60640 /* icon_pat4@2x.png */ = {isa = PBXFileReference; lastKnownFileType = image.png; path = "icon_pat4@2x.png"; sourceTree = "<group>"; };
		6D1C031917D71D0900B60640 /* icon_pat5@2x.png */ = {isa = PBXFileReference; lastKnownFileType = image.png; path = "icon_pat5@2x.png"; sourceTree = "<group>"; };
		6D1C031A17D71D0900B60640 /* icon_pat6@2x.png */ = {isa = PBXFileReference; lastKnownFileType = image.png; path = "icon_pat6@2x.png"; sourceTree = "<group>"; };
		6D1C032917D71F9400B60640 /* icon_frame5.png */ = {isa = PBXFileReference; lastKnownFileType = image.png; path = icon_frame5.png; sourceTree = "<group>"; };
		6D1C032A17D71F9400B60640 /* icon_frame7.png */ = {isa = PBXFileReference; lastKnownFileType = image.png; path = icon_frame7.png; sourceTree = "<group>"; };
		6D1C032B17D71F9400B60640 /* icon_frame3.png */ = {isa = PBXFileReference; lastKnownFileType = image.png; path = icon_frame3.png; sourceTree = "<group>"; };
		6D1C032C17D71F9400B60640 /* icon_frame6.png */ = {isa = PBXFileReference; lastKnownFileType = image.png; path = icon_frame6.png; sourceTree = "<group>"; };
		6D1C032D17D71F9400B60640 /* icon_frame2.png */ = {isa = PBXFileReference; lastKnownFileType = image.png; path = icon_frame2.png; sourceTree = "<group>"; };
		6D1C032E17D71F9400B60640 /* icon_frame1.png */ = {isa = PBXFileReference; lastKnownFileType = image.png; path = icon_frame1.png; sourceTree = "<group>"; };
		6D1C032F17D71F9400B60640 /* icon_frame0.png */ = {isa = PBXFileReference; lastKnownFileType = image.png; path = icon_frame0.png; sourceTree = "<group>"; };
		6D1C033017D71F9400B60640 /* icon_frame4.png */ = {isa = PBXFileReference; lastKnownFileType = image.png; path = icon_frame4.png; sourceTree = "<group>"; };
		6D1C033117D71F9400B60640 /* icon_frame0@2x.png */ = {isa = PBXFileReference; lastKnownFileType = image.png; path = "icon_frame0@2x.png"; sourceTree = "<group>"; };
		6D1C033217D71F9400B60640 /* icon_frame1@2x.png */ = {isa = PBXFileReference; lastKnownFileType = image.png; path = "icon_frame1@2x.png"; sourceTree = "<group>"; };
		6D1C033317D71F9400B60640 /* icon_frame2@2x.png */ = {isa = PBXFileReference; lastKnownFileType = image.png; path = "icon_frame2@2x.png"; sourceTree = "<group>"; };
		6D1C033417D71F9400B60640 /* icon_frame3@2x.png */ = {isa = PBXFileReference; lastKnownFileType = image.png; path = "icon_frame3@2x.png"; sourceTree = "<group>"; };
		6D1C033517D71F9400B60640 /* icon_frame4@2x.png */ = {isa = PBXFileReference; lastKnownFileType = image.png; path = "icon_frame4@2x.png"; sourceTree = "<group>"; };
		6D1C033617D71F9400B60640 /* icon_frame5@2x.png */ = {isa = PBXFileReference; lastKnownFileType = image.png; path = "icon_frame5@2x.png"; sourceTree = "<group>"; };
		6D1C033717D71F9400B60640 /* icon_frame6@2x.png */ = {isa = PBXFileReference; lastKnownFileType = image.png; path = "icon_frame6@2x.png"; sourceTree = "<group>"; };
		6D1C033817D71F9400B60640 /* icon_frame7@2x.png */ = {isa = PBXFileReference; lastKnownFileType = image.png; path = "icon_frame7@2x.png"; sourceTree = "<group>"; };
		6D38AD6817A00DD3006BA6CC /* UIImage+Filter.h */ = {isa = PBXFileReference; fileEncoding = 4; lastKnownFileType = sourcecode.c.h; path = "UIImage+Filter.h"; sourceTree = "<group>"; };
		6D38AD6917A00DD3006BA6CC /* UIImage+Filter.m */ = {isa = PBXFileReference; fileEncoding = 4; lastKnownFileType = sourcecode.c.objc; path = "UIImage+Filter.m"; sourceTree = "<group>"; };
		6D3BA18C17D8B121007FC6D6 /* about_yee_cn.png */ = {isa = PBXFileReference; lastKnownFileType = image.png; path = about_yee_cn.png; sourceTree = "<group>"; };
		6D3BA18D17D8B121007FC6D6 /* about_yee_cn@2x.png */ = {isa = PBXFileReference; lastKnownFileType = image.png; path = "about_yee_cn@2x.png"; sourceTree = "<group>"; };
		6D3EE3BA1746874E00A56512 /* Default-Landscape~ipad.png */ = {isa = PBXFileReference; lastKnownFileType = image.png; path = "Default-Landscape~ipad.png"; sourceTree = "<group>"; };
		6D3EE3BC1746878400A56512 /* Default-Landscape@2x~ipad.png */ = {isa = PBXFileReference; lastKnownFileType = image.png; path = "Default-Landscape@2x~ipad.png"; sourceTree = "<group>"; };
		6D41CE3F1737968400E1145C /* BGGalleryViewController.h */ = {isa = PBXFileReference; fileEncoding = 4; lastKnownFileType = sourcecode.c.h; path = BGGalleryViewController.h; sourceTree = "<group>"; };
		6D41CE401737968400E1145C /* BGGalleryViewController.m */ = {isa = PBXFileReference; fileEncoding = 4; lastKnownFileType = sourcecode.c.objc; path = BGGalleryViewController.m; sourceTree = "<group>"; };
		6D41CE481737983100E1145C /* BGGalleryScrollViewController.h */ = {isa = PBXFileReference; fileEncoding = 4; lastKnownFileType = sourcecode.c.h; path = BGGalleryScrollViewController.h; sourceTree = "<group>"; };
		6D41CE491737983100E1145C /* BGGalleryScrollViewController.m */ = {isa = PBXFileReference; fileEncoding = 4; lastKnownFileType = sourcecode.c.objc; path = BGGalleryScrollViewController.m; sourceTree = "<group>"; };
		6D41CE4C1737A57200E1145C /* iCarousel.h */ = {isa = PBXFileReference; fileEncoding = 4; lastKnownFileType = sourcecode.c.h; path = iCarousel.h; sourceTree = "<group>"; };
		6D41CE4D1737A57200E1145C /* iCarousel.m */ = {isa = PBXFileReference; fileEncoding = 4; lastKnownFileType = sourcecode.c.objc; path = iCarousel.m; sourceTree = "<group>"; };
		6D48B67216FC4CF0008B2371 /* BGSwitchViewController.h */ = {isa = PBXFileReference; fileEncoding = 4; lastKnownFileType = sourcecode.c.h; path = BGSwitchViewController.h; sourceTree = "<group>"; };
		6D48B67316FC4CF0008B2371 /* BGSwitchViewController.m */ = {isa = PBXFileReference; fileEncoding = 4; lastKnownFileType = sourcecode.c.objc; path = BGSwitchViewController.m; sourceTree = "<group>"; };
		6D48B67516FC4E46008B2371 /* BGPageSwitcherDelegate.h */ = {isa = PBXFileReference; fileEncoding = 4; lastKnownFileType = sourcecode.c.h; path = BGPageSwitcherDelegate.h; sourceTree = "<group>"; };
		6D4B179216FDD64800EE0EE9 /* BGGlobalData.h */ = {isa = PBXFileReference; fileEncoding = 4; lastKnownFileType = sourcecode.c.h; path = BGGlobalData.h; sourceTree = "<group>"; };
		6D4B179316FDD64800EE0EE9 /* BGGlobalData.m */ = {isa = PBXFileReference; fileEncoding = 4; lastKnownFileType = sourcecode.c.objc; path = BGGlobalData.m; sourceTree = "<group>"; };
		6D4FD846177186120022DBCA /* HMSideMenu.h */ = {isa = PBXFileReference; fileEncoding = 4; lastKnownFileType = sourcecode.c.h; path = HMSideMenu.h; sourceTree = "<group>"; };
		6D4FD847177186120022DBCA /* HMSideMenu.m */ = {isa = PBXFileReference; fileEncoding = 4; lastKnownFileType = sourcecode.c.objc; path = HMSideMenu.m; sourceTree = "<group>"; };
		6D4FD87D1771DA570022DBCA /* Filters */ = {isa = PBXFileReference; lastKnownFileType = folder; path = Filters; sourceTree = "<group>"; };
		6D4FD88B17720BE50022DBCA /* filter_mx_0.png */ = {isa = PBXFileReference; lastKnownFileType = image.png; path = filter_mx_0.png; sourceTree = "<group>"; };
		6D4FD88C17720BE50022DBCA /* filter_mx_1.png */ = {isa = PBXFileReference; lastKnownFileType = image.png; path = filter_mx_1.png; sourceTree = "<group>"; };
		6D4FD88D17720BE50022DBCA /* filter_mx_2.png */ = {isa = PBXFileReference; lastKnownFileType = image.png; path = filter_mx_2.png; sourceTree = "<group>"; };
		6D4FD88E17720BE50022DBCA /* filter_mx_3.png */ = {isa = PBXFileReference; lastKnownFileType = image.png; path = filter_mx_3.png; sourceTree = "<group>"; };
		6D4FD88F17720BE50022DBCA /* filter_mx_4.png */ = {isa = PBXFileReference; lastKnownFileType = image.png; path = filter_mx_4.png; sourceTree = "<group>"; };
		6D6E6CEB17A8E7CD003E5BA2 /* optionbar_close.png */ = {isa = PBXFileReference; lastKnownFileType = image.png; path = optionbar_close.png; sourceTree = "<group>"; };
		6D6E6CEC17A8E7CD003E5BA2 /* optionbar_close@2x.png */ = {isa = PBXFileReference; lastKnownFileType = image.png; path = "optionbar_close@2x.png"; sourceTree = "<group>"; };
		6D6E6CED17A8E7CD003E5BA2 /* special00.png */ = {isa = PBXFileReference; lastKnownFileType = image.png; path = special00.png; sourceTree = "<group>"; };
		6D6E6CEE17A8E7CD003E5BA2 /* special00@2x.png */ = {isa = PBXFileReference; lastKnownFileType = image.png; path = "special00@2x.png"; sourceTree = "<group>"; };
		6D6E6CEF17A8E7CD003E5BA2 /* special01.png */ = {isa = PBXFileReference; lastKnownFileType = image.png; path = special01.png; sourceTree = "<group>"; };
		6D6E6CF017A8E7CD003E5BA2 /* special01@2x.png */ = {isa = PBXFileReference; lastKnownFileType = image.png; path = "special01@2x.png"; sourceTree = "<group>"; };
		6D6E6CF117A8E7CD003E5BA2 /* special02.png */ = {isa = PBXFileReference; lastKnownFileType = image.png; path = special02.png; sourceTree = "<group>"; };
		6D6E6CF217A8E7CD003E5BA2 /* special02@2x.png */ = {isa = PBXFileReference; lastKnownFileType = image.png; path = "special02@2x.png"; sourceTree = "<group>"; };
		6D6E6CF317A8E7CD003E5BA2 /* special03.png */ = {isa = PBXFileReference; lastKnownFileType = image.png; path = special03.png; sourceTree = "<group>"; };
		6D6E6CF417A8E7CD003E5BA2 /* special03@2x.png */ = {isa = PBXFileReference; lastKnownFileType = image.png; path = "special03@2x.png"; sourceTree = "<group>"; };
		6D6E6CF517A8E7CD003E5BA2 /* special04.png */ = {isa = PBXFileReference; lastKnownFileType = image.png; path = special04.png; sourceTree = "<group>"; };
		6D6E6CF617A8E7CD003E5BA2 /* special04@2x.png */ = {isa = PBXFileReference; lastKnownFileType = image.png; path = "special04@2x.png"; sourceTree = "<group>"; };
		6D6E6CF717A8E7CD003E5BA2 /* special05.png */ = {isa = PBXFileReference; lastKnownFileType = image.png; path = special05.png; sourceTree = "<group>"; };
		6D6E6CF817A8E7CD003E5BA2 /* special05@2x.png */ = {isa = PBXFileReference; lastKnownFileType = image.png; path = "special05@2x.png"; sourceTree = "<group>"; };
		6D6E6D0717A900CA003E5BA2 /* about_text_cn.png */ = {isa = PBXFileReference; lastKnownFileType = image.png; path = about_text_cn.png; sourceTree = "<group>"; };
		6D6E6D0817A900CA003E5BA2 /* about_text_en.png */ = {isa = PBXFileReference; lastKnownFileType = image.png; path = about_text_en.png; sourceTree = "<group>"; };
		6D6E6D0917A900CB003E5BA2 /* about_text_en@2x.png */ = {isa = PBXFileReference; lastKnownFileType = image.png; path = "about_text_en@2x.png"; sourceTree = "<group>"; };
		6D6E6D0A17A900CB003E5BA2 /* about_text_cn@2x.png */ = {isa = PBXFileReference; lastKnownFileType = image.png; path = "about_text_cn@2x.png"; sourceTree = "<group>"; };
		6D763A4517D47A76005C7700 /* about_yee_en.png */ = {isa = PBXFileReference; lastKnownFileType = image.png; path = about_yee_en.png; sourceTree = "<group>"; };
		6DC94615174265C50019FDA4 /* NSObject+Blocks.h */ = {isa = PBXFileReference; fileEncoding = 4; lastKnownFileType = sourcecode.c.h; path = "NSObject+Blocks.h"; sourceTree = "<group>"; };
		6DC94616174265C50019FDA4 /* NSObject+Blocks.m */ = {isa = PBXFileReference; fileEncoding = 4; lastKnownFileType = sourcecode.c.objc; path = "NSObject+Blocks.m"; sourceTree = "<group>"; };
		6DCF23A8179E67B0001FE0BC /* BGHomeViewController.xib */ = {isa = PBXFileReference; fileEncoding = 4; lastKnownFileType = file.xib; path = BGHomeViewController.xib; sourceTree = "<group>"; };
		6DD0754E17954738006D6D2D /* BGUIView.h */ = {isa = PBXFileReference; fileEncoding = 4; lastKnownFileType = sourcecode.c.h; path = BGUIView.h; sourceTree = "<group>"; };
		6DD0754F17954738006D6D2D /* BGUIView.m */ = {isa = PBXFileReference; fileEncoding = 4; lastKnownFileType = sourcecode.c.objc; path = BGUIView.m; sourceTree = "<group>"; };
		6DD0755117954CB4006D6D2D /* BGHomeViewController.h */ = {isa = PBXFileReference; fileEncoding = 4; lastKnownFileType = sourcecode.c.h; path = BGHomeViewController.h; sourceTree = "<group>"; };
		6DD0755217954CB4006D6D2D /* BGHomeViewController.m */ = {isa = PBXFileReference; fileEncoding = 4; lastKnownFileType = sourcecode.c.objc; path = BGHomeViewController.m; sourceTree = "<group>"; };
		6DD0755417958F0A006D6D2D /* UIScreen+SSToolkitAdditions.h */ = {isa = PBXFileReference; fileEncoding = 4; lastKnownFileType = sourcecode.c.h; path = "UIScreen+SSToolkitAdditions.h"; sourceTree = "<group>"; };
		6DD0755517958F0A006D6D2D /* UIScreen+SSToolkitAdditions.m */ = {isa = PBXFileReference; fileEncoding = 4; lastKnownFileType = sourcecode.c.objc; path = "UIScreen+SSToolkitAdditions.m"; sourceTree = "<group>"; };
		6DE49EF1176C46F800509B5F /* BGGalleryViewController.xib */ = {isa = PBXFileReference; fileEncoding = 4; lastKnownFileType = file.xib; path = BGGalleryViewController.xib; sourceTree = "<group>"; };
		6DE49EF3176C575800509B5F /* BGImageFilterViewController.h */ = {isa = PBXFileReference; fileEncoding = 4; lastKnownFileType = sourcecode.c.h; path = BGImageFilterViewController.h; sourceTree = "<group>"; };
		6DE49EF4176C575800509B5F /* BGImageFilterViewController.m */ = {isa = PBXFileReference; fileEncoding = 4; lastKnownFileType = sourcecode.c.objc; path = BGImageFilterViewController.m; sourceTree = "<group>"; };
		6DE49EF5176C575800509B5F /* BGImageFilterViewController.xib */ = {isa = PBXFileReference; fileEncoding = 4; lastKnownFileType = file.xib; path = BGImageFilterViewController.xib; sourceTree = "<group>"; };
		6DE747E81731FE8800A06939 /* QuartzCore.framework */ = {isa = PBXFileReference; lastKnownFileType = wrapper.framework; name = QuartzCore.framework; path = System/Library/Frameworks/QuartzCore.framework; sourceTree = SDKROOT; };
		6DE747F41732156700A06939 /* SettingData.plist */ = {isa = PBXFileReference; fileEncoding = 4; lastKnownFileType = text.plist.xml; path = SettingData.plist; sourceTree = "<group>"; };
		6DF5300E1773F0C5002FEFF4 /* BGFilterAreaViewController.h */ = {isa = PBXFileReference; fileEncoding = 4; lastKnownFileType = sourcecode.c.h; path = BGFilterAreaViewController.h; sourceTree = "<group>"; };
		6DF5300F1773F0C5002FEFF4 /* BGFilterAreaViewController.m */ = {isa = PBXFileReference; fileEncoding = 4; lastKnownFileType = sourcecode.c.objc; path = BGFilterAreaViewController.m; sourceTree = "<group>"; };
/* End PBXFileReference section */

/* Begin PBXFrameworksBuildPhase section */
		6D1539E916FB42A2001C0FAC /* Frameworks */ = {
			isa = PBXFrameworksBuildPhase;
			buildActionMask = 2147483647;
			files = (
				6DF84C8017A94CBE00004968 /* CoreGraphics.framework in Frameworks */,
				6D1539F016FB42A2001C0FAC /* UIKit.framework in Frameworks */,
				6D1539F216FB42A2001C0FAC /* Foundation.framework in Frameworks */,
				6D15045417D9D306009DF62F /* Social.framework in Frameworks */,
				6DE747E91731FE8800A06939 /* QuartzCore.framework in Frameworks */,
			);
			runOnlyForDeploymentPostprocessing = 0;
		};
/* End PBXFrameworksBuildPhase section */

/* Begin PBXGroup section */
		6D01BA30178C4B5C006AF0E8 /* UMAnalytics_Sdk_2.2.0.OpenUDID */ = {
			isa = PBXGroup;
			children = (
				6D01BA31178C4B5C006AF0E8 /* libMobClickLibrary.a */,
				6D01BA32178C4B5C006AF0E8 /* MobClick.h */,
			);
			path = UMAnalytics_Sdk_2.2.0.OpenUDID;
			sourceTree = "<group>";
		};
		6D02C88F172BB120006CD573 /* Library */ = {
			isa = PBXGroup;
			children = (
				6D01BA30178C4B5C006AF0E8 /* UMAnalytics_Sdk_2.2.0.OpenUDID */,
				6D064B77177959A10067479E /* Categories */,
				6D4FD845177186120022DBCA /* HMSideMenu */,
				6DC94614174265C50019FDA4 /* NSObjectBlocks */,
				6D41CE4B1737A57200E1145C /* iCarousel */,
				6D02C8A4172BB120006CD573 /* AHAlertView */,
				6D02C8B0172BB120006CD573 /* ATPagingView */,
				6D02C8B3172BB120006CD573 /* JMWhenTapped */,
				6D02C8B7172BB120006CD573 /* SPXFrameScroller */,
				6D02C8BA172BB120006CD573 /* SVProgressHUD */,
			);
			path = Library;
			sourceTree = "<group>";
		};
		6D02C8A4172BB120006CD573 /* AHAlertView */ = {
			isa = PBXGroup;
			children = (
				6D02C8A5172BB120006CD573 /* AHAlertView.h */,
				6D02C8A6172BB120006CD573 /* AHAlertView.m */,
				6D02C8A7172BB120006CD573 /* custom-button-normal.png */,
				6D02C8A8172BB120006CD573 /* custom-button-normal@2x.png */,
				6D02C8A9172BB120006CD573 /* custom-cancel-normal.png */,
				6D02C8AA172BB120006CD573 /* custom-cancel-normal@2x.png */,
				6D02C8AB172BB120006CD573 /* custom-dialog-background.png */,
				6D02C8AC172BB120006CD573 /* custom-dialog-background@2x.png */,
			);
			path = AHAlertView;
			sourceTree = "<group>";
		};
		6D02C8B0172BB120006CD573 /* ATPagingView */ = {
			isa = PBXGroup;
			children = (
				6D02C8B1172BB120006CD573 /* ATPagingView.h */,
				6D02C8B2172BB120006CD573 /* ATPagingView.m */,
			);
			path = ATPagingView;
			sourceTree = "<group>";
		};
		6D02C8B3172BB120006CD573 /* JMWhenTapped */ = {
			isa = PBXGroup;
			children = (
				6D02C8B4172BB120006CD573 /* JMWhenTapped.h */,
				6D02C8B5172BB120006CD573 /* UIView+WhenTappedBlocks.h */,
				6D02C8B6172BB120006CD573 /* UIView+WhenTappedBlocks.m */,
			);
			path = JMWhenTapped;
			sourceTree = "<group>";
		};
		6D02C8B7172BB120006CD573 /* SPXFrameScroller */ = {
			isa = PBXGroup;
			children = (
				6D02C8B8172BB120006CD573 /* SPXFrameScroller.h */,
				6D02C8B9172BB120006CD573 /* SPXFrameScroller.m */,
			);
			path = SPXFrameScroller;
			sourceTree = "<group>";
		};
		6D02C8BA172BB120006CD573 /* SVProgressHUD */ = {
			isa = PBXGroup;
			children = (
				6D02C8BB172BB120006CD573 /* SVProgressHUD.bundle */,
				6D02C8BC172BB120006CD573 /* SVProgressHUD.h */,
				6D02C8BD172BB120006CD573 /* SVProgressHUD.m */,
			);
			path = SVProgressHUD;
			sourceTree = "<group>";
		};
		6D02C8D4172BB226006CD573 /* Resources */ = {
			isa = PBXGroup;
			children = (
				6D1774DA178EDBF600C16277 /* Beauty */,
				6D1774DB178EDBF700C16277 /* Fashion */,
				6D1774DC178EDBF800C16277 /* Personal */,
				6D1774DD178EDBF900C16277 /* Portrait */,
				6D4FD87D1771DA570022DBCA /* Filters */,
				6D4FD8551771A1510022DBCA /* FilterPage */,
				6D10064B17A2121F0084D36A /* about_book.png */,
				6D10064C17A2121F0084D36A /* about_book@2x.png */,
				6D6E6D0717A900CA003E5BA2 /* about_text_cn.png */,
				6D6E6D0817A900CA003E5BA2 /* about_text_en.png */,
				6D6E6D0917A900CB003E5BA2 /* about_text_en@2x.png */,
				6D6E6D0A17A900CB003E5BA2 /* about_text_cn@2x.png */,
				6D10064D17A2121F0084D36A /* about_cn.png */,
				6D10064E17A2121F0084D36A /* about_cn@2x.png */,
				6D10064F17A2121F0084D36A /* about_en.png */,
				6D10065017A2121F0084D36A /* about_en@2x.png */,
				6D3BA18C17D8B121007FC6D6 /* about_yee_cn.png */,
				6D3BA18D17D8B121007FC6D6 /* about_yee_cn@2x.png */,
				6D763A4517D47A76005C7700 /* about_yee_en.png */,
				6D15044E17D9ACA8009DF62F /* about_yee_en@2x.png */,
				6D10065117A2121F0084D36A /* background_home.jpg */,
				6D10065217A2121F0084D36A /* background_home@2x.jpg */,
				6D10065317A2121F0084D36A /* gallerymenu_beauty.png */,
				6D10065417A2121F0084D36A /* gallerymenu_beauty@2x.png */,
				6D10065517A2121F0084D36A /* gallerymenu_fasion.png */,
				6D10065617A2121F0084D36A /* gallerymenu_fasion@2x.png */,
				6D10065717A2121F0084D36A /* gallerymenu_personal.png */,
				6D10065817A2121F0084D36A /* gallerymenu_personal@2x.png */,
				6D10065917A2121F0084D36A /* gallerymenu_portrait.png */,
				6D10065A17A2121F0084D36A /* gallerymenu_portrait@2x.png */,
				6D10065B17A2121F0084D36A /* homemenu_about.png */,
				6D10065C17A2121F0084D36A /* homemenu_about@2x.png */,
				6D10065D17A2121F0084D36A /* homemenu_filter.png */,
				6D10065E17A2121F0084D36A /* homemenu_filter@2x.png */,
				6D10065F17A2121F0084D36A /* homemenu_gallery.png */,
				6D10066017A2121F0084D36A /* homemenu_gallery@2x.png */,
				6D10066117A212200084D36A /* menubtn_home.png */,
				6D10066217A212200084D36A /* menubtn_home@2x.png */,
				6D10066317A212200084D36A /* particle1.png */,
				6D10066417A212200084D36A /* particle1@2x.png */,
				6D1006AB17A214200084D36A /* Icon-72.png */,
				6D1006AC17A214200084D36A /* Icon-Small-50.png */,
				6D1006AD17A214210084D36A /* Icon-Small.png */,
				6D1006AE17A214210084D36A /* Icon-Small@2x.png */,
				6D1006AF17A214210084D36A /* Icon@2x.png */,
				6DE747F41732156700A06939 /* SettingData.plist */,
			);
			path = Resources;
			sourceTree = "<group>";
		};
		6D064B77177959A10067479E /* Categories */ = {
			isa = PBXGroup;
			children = (
				6D064B78177959A10067479E /* UIImage+BGAdditional.h */,
				6D064B79177959A10067479E /* UIImage+BGAdditional.m */,
				6D38AD6817A00DD3006BA6CC /* UIImage+Filter.h */,
				6D38AD6917A00DD3006BA6CC /* UIImage+Filter.m */,
				6D064B7A177959A10067479E /* UIScrollView+Screenshot.h */,
				6D064B7B177959A10067479E /* UIScrollView+Screenshot.m */,
				6D064B7C177959A10067479E /* UIView+Screenshot.h */,
				6D064B7D177959A10067479E /* UIView+Screenshot.m */,
				6DD0755417958F0A006D6D2D /* UIScreen+SSToolkitAdditions.h */,
				6DD0755517958F0A006D6D2D /* UIScreen+SSToolkitAdditions.m */,
			);
			path = Categories;
			sourceTree = "<group>";
		};
		6D1539E316FB42A2001C0FAC = {
			isa = PBXGroup;
			children = (
				6D3EE3BC1746878400A56512 /* Default-Landscape@2x~ipad.png */,
				6D3EE3BA1746874E00A56512 /* Default-Landscape~ipad.png */,
				6D1539F516FB42A2001C0FAC /* SophiaShow */,
				6D1539EE16FB42A2001C0FAC /* Frameworks */,
				6D1539ED16FB42A2001C0FAC /* Products */,
				6D02C88F172BB120006CD573 /* Library */,
			);
			sourceTree = "<group>";
		};
		6D1539ED16FB42A2001C0FAC /* Products */ = {
			isa = PBXGroup;
			children = (
				6D1539EC16FB42A2001C0FAC /* SophiaShow.app */,
			);
			name = Products;
			sourceTree = "<group>";
		};
		6D1539EE16FB42A2001C0FAC /* Frameworks */ = {
			isa = PBXGroup;
			children = (
				6D15045317D9D306009DF62F /* Social.framework */,
				6DE747E81731FE8800A06939 /* QuartzCore.framework */,
				6D1539EF16FB42A2001C0FAC /* UIKit.framework */,
				6D1539F116FB42A2001C0FAC /* Foundation.framework */,
				6D1539F316FB42A2001C0FAC /* CoreGraphics.framework */,
			);
			name = Frameworks;
			sourceTree = "<group>";
		};
		6D1539F516FB42A2001C0FAC /* SophiaShow */ = {
			isa = PBXGroup;
			children = (
				6D02C8D4172BB226006CD573 /* Resources */,
				6D1539FE16FB42A2001C0FAC /* BGAppDelegate.h */,
				6D1539FF16FB42A2001C0FAC /* BGAppDelegate.m */,
				6D4B179216FDD64800EE0EE9 /* BGGlobalData.h */,
				6D4B179316FDD64800EE0EE9 /* BGGlobalData.m */,
				6D48B67516FC4E46008B2371 /* BGPageSwitcherDelegate.h */,
				6D48B67216FC4CF0008B2371 /* BGSwitchViewController.h */,
				6D48B67316FC4CF0008B2371 /* BGSwitchViewController.m */,
				6DD0755117954CB4006D6D2D /* BGHomeViewController.h */,
				6DD0755217954CB4006D6D2D /* BGHomeViewController.m */,
				6DCF23A8179E67B0001FE0BC /* BGHomeViewController.xib */,
				6DD0754E17954738006D6D2D /* BGUIView.h */,
				6DD0754F17954738006D6D2D /* BGUIView.m */,
				6D41CE3F1737968400E1145C /* BGGalleryViewController.h */,
				6D41CE401737968400E1145C /* BGGalleryViewController.m */,
				6DE49EF1176C46F800509B5F /* BGGalleryViewController.xib */,
				6D41CE481737983100E1145C /* BGGalleryScrollViewController.h */,
				6D41CE491737983100E1145C /* BGGalleryScrollViewController.m */,
				6DE49EF3176C575800509B5F /* BGImageFilterViewController.h */,
				6DE49EF4176C575800509B5F /* BGImageFilterViewController.m */,
				6DE49EF5176C575800509B5F /* BGImageFilterViewController.xib */,
				6DF5300E1773F0C5002FEFF4 /* BGFilterAreaViewController.h */,
				6DF5300F1773F0C5002FEFF4 /* BGFilterAreaViewController.m */,
				6D1539F616FB42A2001C0FAC /* Supporting Files */,
			);
			path = SophiaShow;
			sourceTree = "<group>";
		};
		6D1539F616FB42A2001C0FAC /* Supporting Files */ = {
			isa = PBXGroup;
			children = (
				6D1539F716FB42A2001C0FAC /* SophiaShow-Info.plist */,
				6D1539F816FB42A2001C0FAC /* InfoPlist.strings */,
				6D1539FB16FB42A2001C0FAC /* main.m */,
				6D1539FD16FB42A2001C0FAC /* SophiaShow-Prefix.pch */,
				6D153A0116FB42A2001C0FAC /* Default.png */,
				6D153A0316FB42A2001C0FAC /* Default@2x.png */,
				6D153A0516FB42A2001C0FAC /* Default-568h@2x.png */,
			);
			name = "Supporting Files";
			sourceTree = "<group>";
		};
		6D41CE4B1737A57200E1145C /* iCarousel */ = {
			isa = PBXGroup;
			children = (
				6D41CE4C1737A57200E1145C /* iCarousel.h */,
				6D41CE4D1737A57200E1145C /* iCarousel.m */,
			);
			path = iCarousel;
			sourceTree = "<group>";
		};
		6D4FD845177186120022DBCA /* HMSideMenu */ = {
			isa = PBXGroup;
			children = (
				6D4FD846177186120022DBCA /* HMSideMenu.h */,
				6D4FD847177186120022DBCA /* HMSideMenu.m */,
			);
			path = HMSideMenu;
			sourceTree = "<group>";
		};
		6D4FD8551771A1510022DBCA /* FilterPage */ = {
			isa = PBXGroup;
			children = (
				6D10067F17A2124C0084D36A /* filterHome_choose.jpg */,
				6D10068017A2124D0084D36A /* filterHome_choose@2x.jpg */,
				6D10068117A2124D0084D36A /* filterHome_photo.jpg */,
				6D10068217A2124D0084D36A /* filterHome_photo@2x.jpg */,
				6D10068717A213310084D36A /* btn_cancelAll.png */,
				6D10068817A213310084D36A /* btn_cancelAll@2x.png */,
				6D10068917A213310084D36A /* btn_home.png */,
				6D10068A17A213310084D36A /* btn_home@2x.png */,
				6D10068B17A213310084D36A /* btn_menu1.png */,
				6D10068C17A213310084D36A /* btn_menu1@2x.png */,
				6D10068D17A213320084D36A /* btn_menu2.png */,
				6D10068E17A213320084D36A /* btn_menu2@2x.png */,
				6D10068F17A213320084D36A /* btn_menu3.png */,
				6D10069017A213320084D36A /* btn_menu3@2x.png */,
				6D10069117A213320084D36A /* btn_menu4.png */,
				6D10069217A213320084D36A /* btn_menu4@2x.png */,
				6D10069317A213320084D36A /* btn_rotation.png */,
				6D10069417A213320084D36A /* btn_rotation@2x.png */,
				6D10069517A213320084D36A /* btn_save.png */,
				6D10069617A213320084D36A /* btn_save@2x.png */,
				6D10069717A213320084D36A /* filter_original.png */,
				6D10069817A213320084D36A /* filter_original@2x.png */,
				6D6E6CEB17A8E7CD003E5BA2 /* optionbar_close.png */,
				6D6E6CEC17A8E7CD003E5BA2 /* optionbar_close@2x.png */,
				6D0A54CF17B091DE003BFFA2 /* borderImage01.png */,
				6D0A54D017B091DE003BFFA2 /* borderImage01@2x.png */,
				6D0A54D117B091DE003BFFA2 /* borderImage02.png */,
				6D0A54D217B091DE003BFFA2 /* borderImage02@2x.png */,
				6D0A54D317B091DE003BFFA2 /* borderImage03.png */,
				6D0A54D417B091DE003BFFA2 /* borderImage03@2x.png */,
				6D0A54D517B091DE003BFFA2 /* borderImage04.png */,
				6D0A54D617B091DE003BFFA2 /* borderImage04@2x.png */,
				6D1C030D17D71D0900B60640 /* icon_pat5.png */,
				6D1C030E17D71D0900B60640 /* icon_pat6.png */,
				6D1C030F17D71D0900B60640 /* icon_pat3.png */,
				6D1C031017D71D0900B60640 /* icon_pat4.png */,
				6D1C031117D71D0900B60640 /* icon_pat2.png */,
				6D1C031217D71D0900B60640 /* icon_pat0.png */,
				6D1C031317D71D0900B60640 /* icon_pat1.png */,
				6D1C031417D71D0900B60640 /* icon_pat0@2x.png */,
				6D1C031517D71D0900B60640 /* icon_pat1@2x.png */,
				6D1C031617D71D0900B60640 /* icon_pat2@2x.png */,
				6D1C031717D71D0900B60640 /* icon_pat3@2x.png */,
				6D1C031817D71D0900B60640 /* icon_pat4@2x.png */,
				6D1C031917D71D0900B60640 /* icon_pat5@2x.png */,
				6D1C031A17D71D0900B60640 /* icon_pat6@2x.png */,
				6D1C032917D71F9400B60640 /* icon_frame5.png */,
				6D1C032A17D71F9400B60640 /* icon_frame7.png */,
				6D1C032B17D71F9400B60640 /* icon_frame3.png */,
				6D1C032C17D71F9400B60640 /* icon_frame6.png */,
				6D1C032D17D71F9400B60640 /* icon_frame2.png */,
				6D1C032E17D71F9400B60640 /* icon_frame1.png */,
				6D1C032F17D71F9400B60640 /* icon_frame0.png */,
				6D1C033017D71F9400B60640 /* icon_frame4.png */,
				6D1C033117D71F9400B60640 /* icon_frame0@2x.png */,
				6D1C033217D71F9400B60640 /* icon_frame1@2x.png */,
				6D1C033317D71F9400B60640 /* icon_frame2@2x.png */,
				6D1C033417D71F9400B60640 /* icon_frame3@2x.png */,
				6D1C033517D71F9400B60640 /* icon_frame4@2x.png */,
				6D1C033617D71F9400B60640 /* icon_frame5@2x.png */,
				6D1C033717D71F9400B60640 /* icon_frame6@2x.png */,
				6D1C033817D71F9400B60640 /* icon_frame7@2x.png */,
				6D6E6CED17A8E7CD003E5BA2 /* special00.png */,
				6D6E6CEE17A8E7CD003E5BA2 /* special00@2x.png */,
				6D6E6CEF17A8E7CD003E5BA2 /* special01.png */,
				6D6E6CF017A8E7CD003E5BA2 /* special01@2x.png */,
				6D6E6CF117A8E7CD003E5BA2 /* special02.png */,
				6D6E6CF217A8E7CD003E5BA2 /* special02@2x.png */,
				6D6E6CF317A8E7CD003E5BA2 /* special03.png */,
				6D6E6CF417A8E7CD003E5BA2 /* special03@2x.png */,
				6D6E6CF517A8E7CD003E5BA2 /* special04.png */,
				6D6E6CF617A8E7CD003E5BA2 /* special04@2x.png */,
				6D6E6CF717A8E7CD003E5BA2 /* special05.png */,
				6D6E6CF817A8E7CD003E5BA2 /* special05@2x.png */,
				6D4FD88B17720BE50022DBCA /* filter_mx_0.png */,
				6D4FD88C17720BE50022DBCA /* filter_mx_1.png */,
				6D4FD88D17720BE50022DBCA /* filter_mx_2.png */,
				6D4FD88E17720BE50022DBCA /* filter_mx_3.png */,
				6D4FD88F17720BE50022DBCA /* filter_mx_4.png */,
			);
			name = FilterPage;
			sourceTree = "<group>";
		};
		6DC94614174265C50019FDA4 /* NSObjectBlocks */ = {
			isa = PBXGroup;
			children = (
				6DC94615174265C50019FDA4 /* NSObject+Blocks.h */,
				6DC94616174265C50019FDA4 /* NSObject+Blocks.m */,
			);
			path = NSObjectBlocks;
			sourceTree = "<group>";
		};
/* End PBXGroup section */

/* Begin PBXNativeTarget section */
		6D1539EB16FB42A2001C0FAC /* SophiaShow */ = {
			isa = PBXNativeTarget;
			buildConfigurationList = 6D153A0F16FB42A2001C0FAC /* Build configuration list for PBXNativeTarget "SophiaShow" */;
			buildPhases = (
				6D1539E816FB42A2001C0FAC /* Sources */,
				6D1539E916FB42A2001C0FAC /* Frameworks */,
				6D1539EA16FB42A2001C0FAC /* Resources */,
			);
			buildRules = (
			);
			dependencies = (
			);
			name = SophiaShow;
			productName = SophiaShow;
			productReference = 6D1539EC16FB42A2001C0FAC /* SophiaShow.app */;
			productType = "com.apple.product-type.application";
		};
/* End PBXNativeTarget section */

/* Begin PBXProject section */
		6D1539E416FB42A2001C0FAC /* Project object */ = {
			isa = PBXProject;
			attributes = {
				CLASSPREFIX = BG;
				LastUpgradeCheck = 0460;
				ORGANIZATIONNAME = "Brute Games Studio";
			};
			buildConfigurationList = 6D1539E716FB42A2001C0FAC /* Build configuration list for PBXProject "SophiaShow" */;
			compatibilityVersion = "Xcode 3.2";
			developmentRegion = English;
			hasScannedForEncodings = 0;
			knownRegions = (
				en,
			);
			mainGroup = 6D1539E316FB42A2001C0FAC;
			productRefGroup = 6D1539ED16FB42A2001C0FAC /* Products */;
			projectDirPath = "";
			projectRoot = "";
			targets = (
				6D1539EB16FB42A2001C0FAC /* SophiaShow */,
			);
		};
/* End PBXProject section */

/* Begin PBXResourcesBuildPhase section */
		6D1539EA16FB42A2001C0FAC /* Resources */ = {
			isa = PBXResourcesBuildPhase;
			buildActionMask = 2147483647;
			files = (
				6D1539FA16FB42A2001C0FAC /* InfoPlist.strings in Resources */,
				6D153A0216FB42A2001C0FAC /* Default.png in Resources */,
				6D153A0416FB42A2001C0FAC /* Default@2x.png in Resources */,
				6D153A0616FB42A2001C0FAC /* Default-568h@2x.png in Resources */,
				6D02C8C8172BB120006CD573 /* custom-button-normal.png in Resources */,
				6D02C8C9172BB120006CD573 /* custom-button-normal@2x.png in Resources */,
				6D02C8CA172BB120006CD573 /* custom-cancel-normal.png in Resources */,
				6D02C8CB172BB120006CD573 /* custom-cancel-normal@2x.png in Resources */,
				6D02C8CC172BB120006CD573 /* custom-dialog-background.png in Resources */,
				6D02C8CD172BB120006CD573 /* custom-dialog-background@2x.png in Resources */,
				6D02C8D2172BB120006CD573 /* SVProgressHUD.bundle in Resources */,
				6DE747F51732156700A06939 /* SettingData.plist in Resources */,
				6D3EE3BB1746874E00A56512 /* Default-Landscape~ipad.png in Resources */,
				6D3EE3BD1746878400A56512 /* Default-Landscape@2x~ipad.png in Resources */,
				6DE49EF2176C46F800509B5F /* BGGalleryViewController.xib in Resources */,
				6DE49EF7176C575800509B5F /* BGImageFilterViewController.xib in Resources */,
				6D4FD87E1771DA570022DBCA /* Filters in Resources */,
				6D4FD89017720BE50022DBCA /* filter_mx_0.png in Resources */,
				6D4FD89117720BE50022DBCA /* filter_mx_1.png in Resources */,
				6D4FD89217720BE50022DBCA /* filter_mx_2.png in Resources */,
				6D4FD89317720BE50022DBCA /* filter_mx_3.png in Resources */,
				6D4FD89417720BE50022DBCA /* filter_mx_4.png in Resources */,
				6D1774DE178EDBFA00C16277 /* Beauty in Resources */,
				6D1774DF178EDBFA00C16277 /* Fashion in Resources */,
				6D1774E0178EDBFA00C16277 /* Personal in Resources */,
				6D1774E1178EDBFA00C16277 /* Portrait in Resources */,
				6DCF23A9179E67B0001FE0BC /* BGHomeViewController.xib in Resources */,
				6D10066517A212200084D36A /* about_book.png in Resources */,
				6D10066617A212200084D36A /* about_book@2x.png in Resources */,
				6D10066717A212200084D36A /* about_cn.png in Resources */,
				6D10066817A212200084D36A /* about_cn@2x.png in Resources */,
				6D10066917A212200084D36A /* about_en.png in Resources */,
				6D10066A17A212200084D36A /* about_en@2x.png in Resources */,
				6D10066B17A212200084D36A /* background_home.jpg in Resources */,
				6D10066C17A212200084D36A /* background_home@2x.jpg in Resources */,
				6D10066D17A212200084D36A /* gallerymenu_beauty.png in Resources */,
				6D10066E17A212200084D36A /* gallerymenu_beauty@2x.png in Resources */,
				6D10066F17A212200084D36A /* gallerymenu_fasion.png in Resources */,
				6D10067017A212200084D36A /* gallerymenu_fasion@2x.png in Resources */,
				6D10067117A212200084D36A /* gallerymenu_personal.png in Resources */,
				6D10067217A212200084D36A /* gallerymenu_personal@2x.png in Resources */,
				6D10067317A212200084D36A /* gallerymenu_portrait.png in Resources */,
				6D10067417A212200084D36A /* gallerymenu_portrait@2x.png in Resources */,
				6D10067517A212200084D36A /* homemenu_about.png in Resources */,
				6D10067617A212200084D36A /* homemenu_about@2x.png in Resources */,
				6D10067717A212200084D36A /* homemenu_filter.png in Resources */,
				6D10067817A212200084D36A /* homemenu_filter@2x.png in Resources */,
				6D10067917A212200084D36A /* homemenu_gallery.png in Resources */,
				6D10067A17A212200084D36A /* homemenu_gallery@2x.png in Resources */,
				6D10067B17A212200084D36A /* menubtn_home.png in Resources */,
				6D10067C17A212200084D36A /* menubtn_home@2x.png in Resources */,
				6D10067D17A212200084D36A /* particle1.png in Resources */,
				6D10067E17A212200084D36A /* particle1@2x.png in Resources */,
				6D10068317A2124D0084D36A /* filterHome_choose.jpg in Resources */,
				6D10068417A2124D0084D36A /* filterHome_choose@2x.jpg in Resources */,
				6D10068517A2124D0084D36A /* filterHome_photo.jpg in Resources */,
				6D10068617A2124D0084D36A /* filterHome_photo@2x.jpg in Resources */,
				6D10069917A213320084D36A /* btn_cancelAll.png in Resources */,
				6D10069A17A213320084D36A /* btn_cancelAll@2x.png in Resources */,
				6D10069B17A213320084D36A /* btn_home.png in Resources */,
				6D10069C17A213320084D36A /* btn_home@2x.png in Resources */,
				6D10069D17A213320084D36A /* btn_menu1.png in Resources */,
				6D10069E17A213320084D36A /* btn_menu1@2x.png in Resources */,
				6D10069F17A213320084D36A /* btn_menu2.png in Resources */,
				6D1006A017A213320084D36A /* btn_menu2@2x.png in Resources */,
				6D1006A117A213320084D36A /* btn_menu3.png in Resources */,
				6D1006A217A213320084D36A /* btn_menu3@2x.png in Resources */,
				6D1006A317A213320084D36A /* btn_menu4.png in Resources */,
				6D1006A417A213320084D36A /* btn_menu4@2x.png in Resources */,
				6D1006A517A213320084D36A /* btn_rotation.png in Resources */,
				6D1006A617A213320084D36A /* btn_rotation@2x.png in Resources */,
				6D1006A717A213320084D36A /* btn_save.png in Resources */,
				6D1006A817A213320084D36A /* btn_save@2x.png in Resources */,
				6D1006A917A213320084D36A /* filter_original.png in Resources */,
				6D1006AA17A213320084D36A /* filter_original@2x.png in Resources */,
				6D1006B017A214210084D36A /* Icon-72.png in Resources */,
				6D1006B117A214210084D36A /* Icon-Small-50.png in Resources */,
				6D1006B217A214210084D36A /* Icon-Small.png in Resources */,
				6D1006B317A214210084D36A /* Icon-Small@2x.png in Resources */,
				6D1006B417A214210084D36A /* Icon@2x.png in Resources */,
				6D6E6CF917A8E7CD003E5BA2 /* optionbar_close.png in Resources */,
				6D6E6CFA17A8E7CD003E5BA2 /* optionbar_close@2x.png in Resources */,
				6D6E6CFB17A8E7CD003E5BA2 /* special00.png in Resources */,
				6D6E6CFC17A8E7CD003E5BA2 /* special00@2x.png in Resources */,
				6D6E6CFD17A8E7CD003E5BA2 /* special01.png in Resources */,
				6D6E6CFE17A8E7CD003E5BA2 /* special01@2x.png in Resources */,
				6D6E6CFF17A8E7CD003E5BA2 /* special02.png in Resources */,
				6D6E6D0017A8E7CD003E5BA2 /* special02@2x.png in Resources */,
				6D6E6D0117A8E7CD003E5BA2 /* special03.png in Resources */,
				6D6E6D0217A8E7CD003E5BA2 /* special03@2x.png in Resources */,
				6D6E6D0317A8E7CD003E5BA2 /* special04.png in Resources */,
				6D6E6D0417A8E7CD003E5BA2 /* special04@2x.png in Resources */,
				6D6E6D0517A8E7CD003E5BA2 /* special05.png in Resources */,
				6D6E6D0617A8E7CD003E5BA2 /* special05@2x.png in Resources */,
				6D6E6D0B17A900CB003E5BA2 /* about_text_cn.png in Resources */,
				6D6E6D0C17A900CB003E5BA2 /* about_text_en.png in Resources */,
				6D6E6D0D17A900CB003E5BA2 /* about_text_en@2x.png in Resources */,
				6D6E6D0E17A900CB003E5BA2 /* about_text_cn@2x.png in Resources */,
				6D0A54D717B091DE003BFFA2 /* borderImage01.png in Resources */,
				6D0A54D817B091DE003BFFA2 /* borderImage01@2x.png in Resources */,
				6D0A54D917B091DE003BFFA2 /* borderImage02.png in Resources */,
				6D0A54DA17B091DE003BFFA2 /* borderImage02@2x.png in Resources */,
				6D0A54DB17B091DE003BFFA2 /* borderImage03.png in Resources */,
				6D0A54DC17B091DE003BFFA2 /* borderImage03@2x.png in Resources */,
				6D0A54DD17B091DE003BFFA2 /* borderImage04.png in Resources */,
				6D0A54DE17B091DE003BFFA2 /* borderImage04@2x.png in Resources */,
				6D763A4717D47A76005C7700 /* about_yee_en.png in Resources */,
				6D1C031B17D71D0900B60640 /* icon_pat5.png in Resources */,
				6D1C031C17D71D0900B60640 /* icon_pat6.png in Resources */,
				6D1C031D17D71D0900B60640 /* icon_pat3.png in Resources */,
				6D1C031E17D71D0900B60640 /* icon_pat4.png in Resources */,
				6D1C031F17D71D0900B60640 /* icon_pat2.png in Resources */,
				6D1C032017D71D0900B60640 /* icon_pat0.png in Resources */,
				6D1C032117D71D0900B60640 /* icon_pat1.png in Resources */,
				6D1C032217D71D0900B60640 /* icon_pat0@2x.png in Resources */,
				6D1C032317D71D0900B60640 /* icon_pat1@2x.png in Resources */,
				6D1C032417D71D0900B60640 /* icon_pat2@2x.png in Resources */,
				6D1C032517D71D0900B60640 /* icon_pat3@2x.png in Resources */,
				6D1C032617D71D0900B60640 /* icon_pat4@2x.png in Resources */,
				6D1C032717D71D0900B60640 /* icon_pat5@2x.png in Resources */,
				6D1C032817D71D0900B60640 /* icon_pat6@2x.png in Resources */,
				6D1C033917D71F9400B60640 /* icon_frame5.png in Resources */,
				6D1C033A17D71F9400B60640 /* icon_frame7.png in Resources */,
				6D1C033B17D71F9400B60640 /* icon_frame3.png in Resources */,
				6D1C033C17D71F9400B60640 /* icon_frame6.png in Resources */,
				6D1C033D17D71F9400B60640 /* icon_frame2.png in Resources */,
				6D1C033E17D71F9400B60640 /* icon_frame1.png in Resources */,
				6D1C033F17D71F9400B60640 /* icon_frame0.png in Resources */,
				6D1C034017D71F9400B60640 /* icon_frame4.png in Resources */,
				6D1C034117D71F9400B60640 /* icon_frame0@2x.png in Resources */,
				6D1C034217D71F9400B60640 /* icon_frame1@2x.png in Resources */,
				6D1C034317D71F9400B60640 /* icon_frame2@2x.png in Resources */,
				6D1C034417D71F9400B60640 /* icon_frame3@2x.png in Resources */,
				6D1C034517D71F9400B60640 /* icon_frame4@2x.png in Resources */,
				6D1C034617D71F9400B60640 /* icon_frame5@2x.png in Resources */,
				6D1C034717D71F9400B60640 /* icon_frame6@2x.png in Resources */,
				6D1C034817D71F9400B60640 /* icon_frame7@2x.png in Resources */,
				6D3BA18E17D8B121007FC6D6 /* about_yee_cn.png in Resources */,
				6D3BA18F17D8B121007FC6D6 /* about_yee_cn@2x.png in Resources */,
				6D15044F17D9ACA8009DF62F /* about_yee_en@2x.png in Resources */,
			);
			runOnlyForDeploymentPostprocessing = 0;
		};
/* End PBXResourcesBuildPhase section */

/* Begin PBXSourcesBuildPhase section */
		6D1539E816FB42A2001C0FAC /* Sources */ = {
			isa = PBXSourcesBuildPhase;
			buildActionMask = 2147483647;
			files = (
				6D1539FC16FB42A2001C0FAC /* main.m in Sources */,
				6D153A0016FB42A2001C0FAC /* BGAppDelegate.m in Sources */,
				6D48B67416FC4CF0008B2371 /* BGSwitchViewController.m in Sources */,
				6D4B179416FDD64800EE0EE9 /* BGGlobalData.m in Sources */,
				6D02C8C7172BB120006CD573 /* AHAlertView.m in Sources */,
				6D02C8CF172BB120006CD573 /* ATPagingView.m in Sources */,
				6D02C8D0172BB120006CD573 /* UIView+WhenTappedBlocks.m in Sources */,
				6D02C8D1172BB120006CD573 /* SPXFrameScroller.m in Sources */,
				6D02C8D3172BB120006CD573 /* SVProgressHUD.m in Sources */,
				6D41CE411737968400E1145C /* BGGalleryViewController.m in Sources */,
				6D41CE4A1737983100E1145C /* BGGalleryScrollViewController.m in Sources */,
				6D41CE4E1737A57200E1145C /* iCarousel.m in Sources */,
				6DC94617174265C50019FDA4 /* NSObject+Blocks.m in Sources */,
				6DE49EF6176C575800509B5F /* BGImageFilterViewController.m in Sources */,
				6D4FD848177186120022DBCA /* HMSideMenu.m in Sources */,
				6DF530101773F0C5002FEFF4 /* BGFilterAreaViewController.m in Sources */,
				6D064B7E177959A10067479E /* UIImage+BGAdditional.m in Sources */,
				6D064B7F177959A10067479E /* UIScrollView+Screenshot.m in Sources */,
				6D064B80177959A10067479E /* UIView+Screenshot.m in Sources */,
				6DD0755017954739006D6D2D /* BGUIView.m in Sources */,
				6DD0755317954CB5006D6D2D /* BGHomeViewController.m in Sources */,
				6DD0755617958F0A006D6D2D /* UIScreen+SSToolkitAdditions.m in Sources */,
				6D38AD6A17A00DD3006BA6CC /* UIImage+Filter.m in Sources */,
			);
			runOnlyForDeploymentPostprocessing = 0;
		};
/* End PBXSourcesBuildPhase section */

/* Begin PBXVariantGroup section */
		6D1539F816FB42A2001C0FAC /* InfoPlist.strings */ = {
			isa = PBXVariantGroup;
			children = (
				6D1539F916FB42A2001C0FAC /* en */,
			);
			name = InfoPlist.strings;
			sourceTree = "<group>";
		};
/* End PBXVariantGroup section */

/* Begin XCBuildConfiguration section */
		6D153A0D16FB42A2001C0FAC /* Debug */ = {
			isa = XCBuildConfiguration;
			buildSettings = {
				ALWAYS_SEARCH_USER_PATHS = NO;
				CLANG_CXX_LANGUAGE_STANDARD = "gnu++0x";
				CLANG_CXX_LIBRARY = "libc++";
				CLANG_WARN_CONSTANT_CONVERSION = YES;
				CLANG_WARN_EMPTY_BODY = YES;
				CLANG_WARN_ENUM_CONVERSION = YES;
				CLANG_WARN_INT_CONVERSION = YES;
				CLANG_WARN__DUPLICATE_METHOD_MATCH = YES;
				"CODE_SIGN_IDENTITY[sdk=iphoneos*]" = "iPhone Developer";
				COPY_PHASE_STRIP = NO;
				GCC_C_LANGUAGE_STANDARD = gnu99;
				GCC_DYNAMIC_NO_PIC = NO;
				GCC_OPTIMIZATION_LEVEL = 0;
				GCC_PREPROCESSOR_DEFINITIONS = (
					"DEBUG=1",
					"$(inherited)",
				);
				GCC_SYMBOLS_PRIVATE_EXTERN = NO;
				GCC_WARN_ABOUT_RETURN_TYPE = YES;
				GCC_WARN_UNINITIALIZED_AUTOS = YES;
				GCC_WARN_UNUSED_VARIABLE = YES;
				IPHONEOS_DEPLOYMENT_TARGET = 5.0;
				ONLY_ACTIVE_ARCH = YES;
				SDKROOT = iphoneos;
				TARGETED_DEVICE_FAMILY = 2;
			};
			name = Debug;
		};
		6D153A0E16FB42A2001C0FAC /* Release */ = {
			isa = XCBuildConfiguration;
			buildSettings = {
				ALWAYS_SEARCH_USER_PATHS = NO;
				CLANG_CXX_LANGUAGE_STANDARD = "gnu++0x";
				CLANG_CXX_LIBRARY = "libc++";
				CLANG_WARN_CONSTANT_CONVERSION = YES;
				CLANG_WARN_EMPTY_BODY = YES;
				CLANG_WARN_ENUM_CONVERSION = YES;
				CLANG_WARN_INT_CONVERSION = YES;
				CLANG_WARN__DUPLICATE_METHOD_MATCH = YES;
				"CODE_SIGN_IDENTITY[sdk=iphoneos*]" = "iPhone Developer";
				COPY_PHASE_STRIP = YES;
				GCC_C_LANGUAGE_STANDARD = gnu99;
				GCC_WARN_ABOUT_RETURN_TYPE = YES;
				GCC_WARN_UNINITIALIZED_AUTOS = YES;
				GCC_WARN_UNUSED_VARIABLE = YES;
				IPHONEOS_DEPLOYMENT_TARGET = 5.0;
				OTHER_CFLAGS = "-DNS_BLOCK_ASSERTIONS=1";
				SDKROOT = iphoneos;
				TARGETED_DEVICE_FAMILY = 2;
				VALIDATE_PRODUCT = YES;
			};
			name = Release;
		};
		6D153A1016FB42A2001C0FAC /* Debug */ = {
			isa = XCBuildConfiguration;
			buildSettings = {
				CODE_SIGN_IDENTITY = "iPhone Developer: Gang Jin (8N639DRN6P)";
				"CODE_SIGN_IDENTITY[sdk=iphoneos*]" = "iPhone Developer: Gang Jin (8N639DRN6P)";
				GCC_PRECOMPILE_PREFIX_HEADER = YES;
				GCC_PREFIX_HEADER = "SophiaShow/SophiaShow-Prefix.pch";
				INFOPLIST_FILE = "SophiaShow/SophiaShow-Info.plist";
				IPHONEOS_DEPLOYMENT_TARGET = 5.0;
				LIBRARY_SEARCH_PATHS = (
					"$(inherited)",
					"\"$(SRCROOT)/Library/UMAnalytics_Sdk_2.2.0.OpenUDID\"",
				);
				PRODUCT_NAME = "$(TARGET_NAME)";
				PROVISIONING_PROFILE = "";
				"PROVISIONING_PROFILE[sdk=iphoneos*]" = "";
				WRAPPER_EXTENSION = app;
			};
			name = Debug;
		};
		6D153A1116FB42A2001C0FAC /* Release */ = {
			isa = XCBuildConfiguration;
			buildSettings = {
				CODE_SIGN_IDENTITY = "iPhone Developer: Gang Jin (8N639DRN6P)";
				"CODE_SIGN_IDENTITY[sdk=iphoneos*]" = "iPhone Developer: Gang Jin (8N639DRN6P)";
				GCC_PRECOMPILE_PREFIX_HEADER = YES;
				GCC_PREFIX_HEADER = "SophiaShow/SophiaShow-Prefix.pch";
				INFOPLIST_FILE = "SophiaShow/SophiaShow-Info.plist";
				IPHONEOS_DEPLOYMENT_TARGET = 5.0;
				LIBRARY_SEARCH_PATHS = (
					"$(inherited)",
					"\"$(SRCROOT)/Library/UMAnalytics_Sdk_2.2.0.OpenUDID\"",
				);
				PRODUCT_NAME = "$(TARGET_NAME)";
				PROVISIONING_PROFILE = "";
				"PROVISIONING_PROFILE[sdk=iphoneos*]" = "";
				WRAPPER_EXTENSION = app;
			};
			name = Release;
		};
/* End XCBuildConfiguration section */

/* Begin XCConfigurationList section */
		6D1539E716FB42A2001C0FAC /* Build configuration list for PBXProject "SophiaShow" */ = {
			isa = XCConfigurationList;
			buildConfigurations = (
				6D153A0D16FB42A2001C0FAC /* Debug */,
				6D153A0E16FB42A2001C0FAC /* Release */,
			);
			defaultConfigurationIsVisible = 0;
			defaultConfigurationName = Release;
		};
		6D153A0F16FB42A2001C0FAC /* Build configuration list for PBXNativeTarget "SophiaShow" */ = {
			isa = XCConfigurationList;
			buildConfigurations = (
				6D153A1016FB42A2001C0FAC /* Debug */,
				6D153A1116FB42A2001C0FAC /* Release */,
			);
			defaultConfigurationIsVisible = 0;
			defaultConfigurationName = Release;
		};
/* End XCConfigurationList section */
	};
	rootObject = 6D1539E416FB42A2001C0FAC /* Project object */;
}
