// !$*UTF8*$!
{
	archiveVersion = 1;
	classes = {
	};
	objectVersion = 46;
	objects = {

/* Begin PBXBuildFile section */
		6D1539F016FB42A2001C0FAC /* UIKit.framework in Frameworks */ = {isa = PBXBuildFile; fileRef = 6D1539EF16FB42A2001C0FAC /* UIKit.framework */; };
		6D1539F216FB42A2001C0FAC /* Foundation.framework in Frameworks */ = {isa = PBXBuildFile; fileRef = 6D1539F116FB42A2001C0FAC /* Foundation.framework */; };
		6D1539F416FB42A2001C0FAC /* CoreGraphics.framework in Frameworks */ = {isa = PBXBuildFile; fileRef = 6D1539F316FB42A2001C0FAC /* CoreGraphics.framework */; };
		6D1539FA16FB42A2001C0FAC /* InfoPlist.strings in Resources */ = {isa = PBXBuildFile; fileRef = 6D1539F816FB42A2001C0FAC /* InfoPlist.strings */; };
		6D1539FC16FB42A2001C0FAC /* main.m in Sources */ = {isa = PBXBuildFile; fileRef = 6D1539FB16FB42A2001C0FAC /* main.m */; };
		6D153A0016FB42A2001C0FAC /* BGAppDelegate.m in Sources */ = {isa = PBXBuildFile; fileRef = 6D1539FF16FB42A2001C0FAC /* BGAppDelegate.m */; };
		6D153A0216FB42A2001C0FAC /* Default.png in Resources */ = {isa = PBXBuildFile; fileRef = 6D153A0116FB42A2001C0FAC /* Default.png */; };
		6D153A0416FB42A2001C0FAC /* Default@2x.png in Resources */ = {isa = PBXBuildFile; fileRef = 6D153A0316FB42A2001C0FAC /* Default@2x.png */; };
		6D153A0616FB42A2001C0FAC /* Default-568h@2x.png in Resources */ = {isa = PBXBuildFile; fileRef = 6D153A0516FB42A2001C0FAC /* Default-568h@2x.png */; };
		6D153A0916FB42A2001C0FAC /* BGViewController.m in Sources */ = {isa = PBXBuildFile; fileRef = 6D153A0816FB42A2001C0FAC /* BGViewController.m */; };
		6D153A0C16FB42A2001C0FAC /* BGViewController.xib in Resources */ = {isa = PBXBuildFile; fileRef = 6D153A0A16FB42A2001C0FAC /* BGViewController.xib */; };
/* End PBXBuildFile section */

/* Begin PBXFileReference section */
		6D1539EC16FB42A2001C0FAC /* SophiaShow.app */ = {isa = PBXFileReference; explicitFileType = wrapper.application; includeInIndex = 0; path = SophiaShow.app; sourceTree = BUILT_PRODUCTS_DIR; };
		6D1539EF16FB42A2001C0FAC /* UIKit.framework */ = {isa = PBXFileReference; lastKnownFileType = wrapper.framework; name = UIKit.framework; path = System/Library/Frameworks/UIKit.framework; sourceTree = SDKROOT; };
		6D1539F116FB42A2001C0FAC /* Foundation.framework */ = {isa = PBXFileReference; lastKnownFileType = wrapper.framework; name = Foundation.framework; path = System/Library/Frameworks/Foundation.framework; sourceTree = SDKROOT; };
		6D1539F316FB42A2001C0FAC /* CoreGraphics.framework */ = {isa = PBXFileReference; lastKnownFileType = wrapper.framework; name = CoreGraphics.framework; path = System/Library/Frameworks/CoreGraphics.framework; sourceTree = SDKROOT; };
		6D1539F716FB42A2001C0FAC /* SophiaShow-Info.plist */ = {isa = PBXFileReference; lastKnownFileType = text.plist.xml; path = "SophiaShow-Info.plist"; sourceTree = "<group>"; };
		6D1539F916FB42A2001C0FAC /* en */ = {isa = PBXFileReference; lastKnownFileType = text.plist.strings; name = en; path = en.lproj/InfoPlist.strings; sourceTree = "<group>"; };
		6D1539FB16FB42A2001C0FAC /* main.m */ = {isa = PBXFileReference; lastKnownFileType = sourcecode.c.objc; path = main.m; sourceTree = "<group>"; };
		6D1539FD16FB42A2001C0FAC /* SophiaShow-Prefix.pch */ = {isa = PBXFileReference; lastKnownFileType = sourcecode.c.h; path = "SophiaShow-Prefix.pch"; sourceTree = "<group>"; };
		6D1539FE16FB42A2001C0FAC /* BGAppDelegate.h */ = {isa = PBXFileReference; lastKnownFileType = sourcecode.c.h; path = BGAppDelegate.h; sourceTree = "<group>"; };
		6D1539FF16FB42A2001C0FAC /* BGAppDelegate.m */ = {isa = PBXFileReference; lastKnownFileType = sourcecode.c.objc; path = BGAppDelegate.m; sourceTree = "<group>"; };
		6D153A0116FB42A2001C0FAC /* Default.png */ = {isa = PBXFileReference; lastKnownFileType = image.png; path = Default.png; sourceTree = "<group>"; };
		6D153A0316FB42A2001C0FAC /* Default@2x.png */ = {isa = PBXFileReference; lastKnownFileType = image.png; path = "Default@2x.png"; sourceTree = "<group>"; };
		6D153A0516FB42A2001C0FAC /* Default-568h@2x.png */ = {isa = PBXFileReference; lastKnownFileType = image.png; path = "Default-568h@2x.png"; sourceTree = "<group>"; };
		6D153A0716FB42A2001C0FAC /* BGViewController.h */ = {isa = PBXFileReference; lastKnownFileType = sourcecode.c.h; path = BGViewController.h; sourceTree = "<group>"; };
		6D153A0816FB42A2001C0FAC /* BGViewController.m */ = {isa = PBXFileReference; lastKnownFileType = sourcecode.c.objc; path = BGViewController.m; sourceTree = "<group>"; };
		6D153A0B16FB42A2001C0FAC /* en */ = {isa = PBXFileReference; lastKnownFileType = file.xib; name = en; path = en.lproj/BGViewController.xib; sourceTree = "<group>"; };
/* End PBXFileReference section */

/* Begin PBXFrameworksBuildPhase section */
		6D1539E916FB42A2001C0FAC /* Frameworks */ = {
			isa = PBXFrameworksBuildPhase;
			buildActionMask = 2147483647;
			files = (
				6D1539F016FB42A2001C0FAC /* UIKit.framework in Frameworks */,
				6D1539F216FB42A2001C0FAC /* Foundation.framework in Frameworks */,
				6D1539F416FB42A2001C0FAC /* CoreGraphics.framework in Frameworks */,
			);
			runOnlyForDeploymentPostprocessing = 0;
		};
/* End PBXFrameworksBuildPhase section */

/* Begin PBXGroup section */
		6D1539E316FB42A2001C0FAC = {
			isa = PBXGroup;
			children = (
				6D1539F516FB42A2001C0FAC /* SophiaShow */,
				6D1539EE16FB42A2001C0FAC /* Frameworks */,
				6D1539ED16FB42A2001C0FAC /* Products */,
			);
			sourceTree = "<group>";
		};
		6D1539ED16FB42A2001C0FAC /* Products */ = {
			isa = PBXGroup;
			children = (
				6D1539EC16FB42A2001C0FAC /* SophiaShow.app */,
			);
			name = Products;
			sourceTree = "<group>";
		};
		6D1539EE16FB42A2001C0FAC /* Frameworks */ = {
			isa = PBXGroup;
			children = (
				6D1539EF16FB42A2001C0FAC /* UIKit.framework */,
				6D1539F116FB42A2001C0FAC /* Foundation.framework */,
				6D1539F316FB42A2001C0FAC /* CoreGraphics.framework */,
			);
			name = Frameworks;
			sourceTree = "<group>";
		};
		6D1539F516FB42A2001C0FAC /* SophiaShow */ = {
			isa = PBXGroup;
			children = (
				6D1539FE16FB42A2001C0FAC /* BGAppDelegate.h */,
				6D1539FF16FB42A2001C0FAC /* BGAppDelegate.m */,
				6D153A0716FB42A2001C0FAC /* BGViewController.h */,
				6D153A0816FB42A2001C0FAC /* BGViewController.m */,
				6D153A0A16FB42A2001C0FAC /* BGViewController.xib */,
				6D1539F616FB42A2001C0FAC /* Supporting Files */,
			);
			path = SophiaShow;
			sourceTree = "<group>";
		};
		6D1539F616FB42A2001C0FAC /* Supporting Files */ = {
			isa = PBXGroup;
			children = (
				6D1539F716FB42A2001C0FAC /* SophiaShow-Info.plist */,
				6D1539F816FB42A2001C0FAC /* InfoPlist.strings */,
				6D1539FB16FB42A2001C0FAC /* main.m */,
				6D1539FD16FB42A2001C0FAC /* SophiaShow-Prefix.pch */,
				6D153A0116FB42A2001C0FAC /* Default.png */,
				6D153A0316FB42A2001C0FAC /* Default@2x.png */,
				6D153A0516FB42A2001C0FAC /* Default-568h@2x.png */,
			);
			name = "Supporting Files";
			sourceTree = "<group>";
		};
/* End PBXGroup section */

/* Begin PBXNativeTarget section */
		6D1539EB16FB42A2001C0FAC /* SophiaShow */ = {
			isa = PBXNativeTarget;
			buildConfigurationList = 6D153A0F16FB42A2001C0FAC /* Build configuration list for PBXNativeTarget "SophiaShow" */;
			buildPhases = (
				6D1539E816FB42A2001C0FAC /* Sources */,
				6D1539E916FB42A2001C0FAC /* Frameworks */,
				6D1539EA16FB42A2001C0FAC /* Resources */,
			);
			buildRules = (
			);
			dependencies = (
			);
			name = SophiaShow;
			productName = SophiaShow;
			productReference = 6D1539EC16FB42A2001C0FAC /* SophiaShow.app */;
			productType = "com.apple.product-type.application";
		};
/* End PBXNativeTarget section */

/* Begin PBXProject section */
		6D1539E416FB42A2001C0FAC /* Project object */ = {
			isa = PBXProject;
			attributes = {
				CLASSPREFIX = BG;
				LastUpgradeCheck = 0460;
				ORGANIZATIONNAME = "Brute Games Studio";
			};
			buildConfigurationList = 6D1539E716FB42A2001C0FAC /* Build configuration list for PBXProject "SophiaShow" */;
			compatibilityVersion = "Xcode 3.2";
			developmentRegion = English;
			hasScannedForEncodings = 0;
			knownRegions = (
				en,
			);
			mainGroup = 6D1539E316FB42A2001C0FAC;
			productRefGroup = 6D1539ED16FB42A2001C0FAC /* Products */;
			projectDirPath = "";
			projectRoot = "";
			targets = (
				6D1539EB16FB42A2001C0FAC /* SophiaShow */,
			);
		};
/* End PBXProject section */

/* Begin PBXResourcesBuildPhase section */
		6D1539EA16FB42A2001C0FAC /* Resources */ = {
			isa = PBXResourcesBuildPhase;
			buildActionMask = 2147483647;
			files = (
				6D1539FA16FB42A2001C0FAC /* InfoPlist.strings in Resources */,
				6D153A0216FB42A2001C0FAC /* Default.png in Resources */,
				6D153A0416FB42A2001C0FAC /* Default@2x.png in Resources */,
				6D153A0616FB42A2001C0FAC /* Default-568h@2x.png in Resources */,
				6D153A0C16FB42A2001C0FAC /* BGViewController.xib in Resources */,
			);
			runOnlyForDeploymentPostprocessing = 0;
		};
/* End PBXResourcesBuildPhase section */

/* Begin PBXSourcesBuildPhase section */
		6D1539E816FB42A2001C0FAC /* Sources */ = {
			isa = PBXSourcesBuildPhase;
			buildActionMask = 2147483647;
			files = (
				6D1539FC16FB42A2001C0FAC /* main.m in Sources */,
				6D153A0016FB42A2001C0FAC /* BGAppDelegate.m in Sources */,
				6D153A0916FB42A2001C0FAC /* BGViewController.m in Sources */,
			);
			runOnlyForDeploymentPostprocessing = 0;
		};
/* End PBXSourcesBuildPhase section */

/* Begin PBXVariantGroup section */
		6D1539F816FB42A2001C0FAC /* InfoPlist.strings */ = {
			isa = PBXVariantGroup;
			children = (
				6D1539F916FB42A2001C0FAC /* en */,
			);
			name = InfoPlist.strings;
			sourceTree = "<group>";
		};
		6D153A0A16FB42A2001C0FAC /* BGViewController.xib */ = {
			isa = PBXVariantGroup;
			children = (
				6D153A0B16FB42A2001C0FAC /* en */,
			);
			name = BGViewController.xib;
			sourceTree = "<group>";
		};
/* End PBXVariantGroup section */

/* Begin XCBuildConfiguration section */
		6D153A0D16FB42A2001C0FAC /* Debug */ = {
			isa = XCBuildConfiguration;
			buildSettings = {
				ALWAYS_SEARCH_USER_PATHS = NO;
				CLANG_CXX_LANGUAGE_STANDARD = "gnu++0x";
				CLANG_CXX_LIBRARY = "libc++";
				CLANG_WARN_CONSTANT_CONVERSION = YES;
				CLANG_WARN_EMPTY_BODY = YES;
				CLANG_WARN_ENUM_CONVERSION = YES;
				CLANG_WARN_INT_CONVERSION = YES;
				CLANG_WARN__DUPLICATE_METHOD_MATCH = YES;
				"CODE_SIGN_IDENTITY[sdk=iphoneos*]" = "iPhone Developer";
				COPY_PHASE_STRIP = NO;
				GCC_C_LANGUAGE_STANDARD = gnu99;
				GCC_DYNAMIC_NO_PIC = NO;
				GCC_OPTIMIZATION_LEVEL = 0;
				GCC_PREPROCESSOR_DEFINITIONS = (
					"DEBUG=1",
					"$(inherited)",
				);
				GCC_SYMBOLS_PRIVATE_EXTERN = NO;
				GCC_WARN_ABOUT_RETURN_TYPE = YES;
				GCC_WARN_UNINITIALIZED_AUTOS = YES;
				GCC_WARN_UNUSED_VARIABLE = YES;
				IPHONEOS_DEPLOYMENT_TARGET = 6.1;
				ONLY_ACTIVE_ARCH = YES;
				SDKROOT = iphoneos;
				TARGETED_DEVICE_FAMILY = 2;
			};
			name = Debug;
		};
		6D153A0E16FB42A2001C0FAC /* Release */ = {
			isa = XCBuildConfiguration;
			buildSettings = {
				ALWAYS_SEARCH_USER_PATHS = NO;
				CLANG_CXX_LANGUAGE_STANDARD = "gnu++0x";
				CLANG_CXX_LIBRARY = "libc++";
				CLANG_WARN_CONSTANT_CONVERSION = YES;
				CLANG_WARN_EMPTY_BODY = YES;
				CLANG_WARN_ENUM_CONVERSION = YES;
				CLANG_WARN_INT_CONVERSION = YES;
				CLANG_WARN__DUPLICATE_METHOD_MATCH = YES;
				"CODE_SIGN_IDENTITY[sdk=iphoneos*]" = "iPhone Developer";
				COPY_PHASE_STRIP = YES;
				GCC_C_LANGUAGE_STANDARD = gnu99;
				GCC_WARN_ABOUT_RETURN_TYPE = YES;
				GCC_WARN_UNINITIALIZED_AUTOS = YES;
				GCC_WARN_UNUSED_VARIABLE = YES;
				IPHONEOS_DEPLOYMENT_TARGET = 6.1;
				OTHER_CFLAGS = "-DNS_BLOCK_ASSERTIONS=1";
				SDKROOT = iphoneos;
				TARGETED_DEVICE_FAMILY = 2;
				VALIDATE_PRODUCT = YES;
			};
			name = Release;
		};
		6D153A1016FB42A2001C0FAC /* Debug */ = {
			isa = XCBuildConfiguration;
			buildSettings = {
				GCC_PRECOMPILE_PREFIX_HEADER = YES;
				GCC_PREFIX_HEADER = "SophiaShow/SophiaShow-Prefix.pch";
				INFOPLIST_FILE = "SophiaShow/SophiaShow-Info.plist";
				PRODUCT_NAME = "$(TARGET_NAME)";
				WRAPPER_EXTENSION = app;
			};
			name = Debug;
		};
		6D153A1116FB42A2001C0FAC /* Release */ = {
			isa = XCBuildConfiguration;
			buildSettings = {
				GCC_PRECOMPILE_PREFIX_HEADER = YES;
				GCC_PREFIX_HEADER = "SophiaShow/SophiaShow-Prefix.pch";
				INFOPLIST_FILE = "SophiaShow/SophiaShow-Info.plist";
				PRODUCT_NAME = "$(TARGET_NAME)";
				WRAPPER_EXTENSION = app;
			};
			name = Release;
		};
/* End XCBuildConfiguration section */

/* Begin XCConfigurationList section */
		6D1539E716FB42A2001C0FAC /* Build configuration list for PBXProject "SophiaShow" */ = {
			isa = XCConfigurationList;
			buildConfigurations = (
				6D153A0D16FB42A2001C0FAC /* Debug */,
				6D153A0E16FB42A2001C0FAC /* Release */,
			);
			defaultConfigurationIsVisible = 0;
			defaultConfigurationName = Release;
		};
		6D153A0F16FB42A2001C0FAC /* Build configuration list for PBXNativeTarget "SophiaShow" */ = {
			isa = XCConfigurationList;
			buildConfigurations = (
				6D153A1016FB42A2001C0FAC /* Debug */,
				6D153A1116FB42A2001C0FAC /* Release */,
			);
			defaultConfigurationIsVisible = 0;
		};
/* End XCConfigurationList section */
	};
	rootObject = 6D1539E416FB42A2001C0FAC /* Project object */;
}
